
Microsoft Visual Studio Solution File, Format Version 12.00
# Visual Studio Version 18
VisualStudioVersion = 18.1.11312.151
MinimumVisualStudioVersion = 10.0.40219.1
Project("{2150E333-8FDC-42A3-9474-1A3956D46DE8}") = "src", "src", "{827E0CD3-B72D-47B6-A68D-7590B98EB39B}"
EndProject
Project("{2150E333-8FDC-42A3-9474-1A3956D46DE8}") = "Services", "Services", "{984BB9B3-3FA3-BE33-9484-CAC21695A33C}"
EndProject
Project("{2150E333-8FDC-42A3-9474-1A3956D46DE8}") = "Catalog", "Catalog", "{C91C1CF1-1625-0789-F869-53D87D6277BA}"
EndProject
Project("{2150E333-8FDC-42A3-9474-1A3956D46DE8}") = "Gateway", "Gateway", "{6306A8FB-679E-111F-6585-8F70E0EE6013}"
EndProject
Project("{FAE04EC0-301F-11D3-BF4B-00C04F79EFBC}") = "UrbanX.Gateway", "src\Gateway\UrbanX.Gateway\UrbanX.Gateway.csproj", "{6F2ED2EC-4242-4503-9594-1798CD55A4B5}"
EndProject
Project("{2150E333-8FDC-42A3-9474-1A3956D46DE8}") = "Shared", "Shared", "{C8E42992-5E42-0C2B-DBFE-AA848D06431C}"
EndProject
Project("{2150E333-8FDC-42A3-9474-1A3956D46DE8}") = "AppHost", "AppHost", "{63882A7C-90E5-DEE3-63BB-E6ABDBC8A365}"
EndProject
Project("{FAE04EC0-301F-11D3-BF4B-00C04F79EFBC}") = "UrbanX.AppHost", "src\AppHost\UrbanX.AppHost\UrbanX.AppHost.csproj", "{FBE7D688-46EE-4CF7-A5E5-AFC13CB0F6D5}"
EndProject
Project("{2150E333-8FDC-42A3-9474-1A3956D46DE8}") = "ServiceDefaults", "ServiceDefaults", "{5FC1494C-0D8C-79D1-FFF2-37E95F57AB9F}"
EndProject
Project("{FAE04EC0-301F-11D3-BF4B-00C04F79EFBC}") = "UrbanX.ServiceDefaults", "src\ServiceDefaults\UrbanX.ServiceDefaults\UrbanX.ServiceDefaults.csproj", "{396317A6-ABA3-4922-A650-CAF13C48F82E}"
EndProject
Project("{2150E333-8FDC-42A3-9474-1A3956D46DE8}") = "tests", "tests", "{0AB3BF05-4346-4AA6-1389-037BE0695223}"
EndProject
Project("{FAE04EC0-301F-11D3-BF4B-00C04F79EFBC}") = "UrbanX.Services.Catalog.UnitTests", "tests\UrbanX.Services.Catalog.UnitTests\UrbanX.Services.Catalog.UnitTests.csproj", "{39273CDB-1B72-427B-BB27-62DE55C88F1A}"
EndProject
Project("{FAE04EC0-301F-11D3-BF4B-00C04F79EFBC}") = "UrbanX.Services.Catalog.IntegrationTests", "tests\UrbanX.Services.Catalog.IntegrationTests\UrbanX.Services.Catalog.IntegrationTests.csproj", "{70BE84F2-FCDD-48DB-8F50-21C0997AC651}"
EndProject
Project("{FAE04EC0-301F-11D3-BF4B-00C04F79EFBC}") = "UrbanX.Catalog.Domain", "src\Services\Catalog\UrbanX.Catalog.Domain\UrbanX.Catalog.Domain.csproj", "{4DE29B43-8438-49EB-AC84-D8BDE5CBFD8F}"
EndProject
Project("{FAE04EC0-301F-11D3-BF4B-00C04F79EFBC}") = "UrbanX.Catalog.Application", "src\Services\Catalog\UrbanX.Catalog.Application\UrbanX.Catalog.Application.csproj", "{200FEFB9-4318-45A3-A4BA-B7BC8E3E8682}"
EndProject
Project("{FAE04EC0-301F-11D3-BF4B-00C04F79EFBC}") = "UrbanX.Catalog.Persistence", "src\Services\Catalog\UrbanX.Catalog.Persistence\UrbanX.Catalog.Persistence.csproj", "{5B09ABFE-0042-410D-8BF6-18F399DE2808}"
EndProject
Project("{FAE04EC0-301F-11D3-BF4B-00C04F79EFBC}") = "UrbanX.Catalog.Infrastructure", "src\Services\Catalog\UrbanX.Catalog.Infrastructure\UrbanX.Catalog.Infrastructure.csproj", "{AAE2E03D-6D54-4AB5-8ED8-63638285932A}"
EndProject
Project("{2150E333-8FDC-42A3-9474-1A3956D46DE8}") = "Search", "Search", "{3E818370-8462-49CC-857D-E7C272649705}"
EndProject
Project("{FAE04EC0-301F-11D3-BF4B-00C04F79EFBC}") = "UrbanX.Search.API", "src\Services\Search\UrbanX.Search.API\UrbanX.Search.API.csproj", "{42E08CCD-DF4E-8811-62E9-22766C7B2CEB}"
EndProject
Project("{FAE04EC0-301F-11D3-BF4B-00C04F79EFBC}") = "UrbanX.Search.Infrastructure.Elasticsearch", "src\Services\Search\UrbanX.Search.Infrastructure.Elasticsearch\UrbanX.Search.Infrastructure.Elasticsearch.csproj", "{7F1477EE-4AA1-418B-900E-A81A2261D277}"
EndProject
Project("{FAE04EC0-301F-11D3-BF4B-00C04F79EFBC}") = "UrbanX.Search.Application", "src\Services\Search\UrbanX.Search.Application\UrbanX.Search.Application.csproj", "{356ECF57-1D82-42B4-9714-D4EC7F42356A}"
EndProject
Project("{FAE04EC0-301F-11D3-BF4B-00C04F79EFBC}") = "UrbanX.Search.Infrastructure", "src\Services\Search\UrbanX.Search.Infrastructure\UrbanX.Search.Infrastructure.csproj", "{90744985-05F3-4D07-85CF-FE718ECE1A6C}"
EndProject
Project("{FAE04EC0-301F-11D3-BF4B-00C04F79EFBC}") = "UrbanX.Catalog.API", "src\Services\Catalog\UrbanX.Catalog.API\UrbanX.Catalog.API.csproj", "{9ECC46CD-8CE3-96D7-6D30-E8A84FE5B6BB}"
EndProject
Project("{FAE04EC0-301F-11D3-BF4B-00C04F79EFBC}") = "Shared.Application", "src\Shared\Shared.Application\Shared.Application.csproj", "{5680F1C6-4258-4FA6-8B1A-03057ECAB76A}"
EndProject
Project("{FAE04EC0-301F-11D3-BF4B-00C04F79EFBC}") = "Shared.Contract", "src\Shared\Shared.Contract\Shared.Contract.csproj", "{A279B210-B0C9-4F83-AA5A-7F45CF60A29E}"
EndProject
Project("{FAE04EC0-301F-11D3-BF4B-00C04F79EFBC}") = "Shared.Messaging", "src\Shared\Shared.Messaging\Shared.Messaging.csproj", "{58A0105B-566F-40E6-A6BA-165CFF024385}"
EndProject
Project("{FAE04EC0-301F-11D3-BF4B-00C04F79EFBC}") = "Shared.Observability", "src\Shared\Shared.Observability\Shared.Observability.csproj", "{4BFA01F6-FC9C-499B-8AB9-7A843D171E4A}"
EndProject
Project("{FAE04EC0-301F-11D3-BF4B-00C04F79EFBC}") = "Shared.Outbox", "src\Shared\Shared.Outbox\Shared.Outbox.csproj", "{84D93E80-E391-40E8-9D3D-80B3821EE046}"
EndProject
Project("{FAE04EC0-301F-11D3-BF4B-00C04F79EFBC}") = "UrbanX.Gateway.Application", "src\Gateway\UrbanX.Gateway.Application\UrbanX.Gateway.Application.csproj", "{9975EAEF-DAFA-4E14-B6BB-F6E4319F2325}"
EndProject
Project("{FAE04EC0-301F-11D3-BF4B-00C04F79EFBC}") = "UrbanX.Gateway.Infrastructure", "src\Gateway\UrbanX.Gateway.Infrastructure\UrbanX.Gateway.Infrastructure.csproj", "{24575C00-63CE-4523-8DE0-DFD16E8044BC}"
EndProject
Project("{FAE04EC0-301F-11D3-BF4B-00C04F79EFBC}") = "Shared.Kernel", "src\Shared\Shared.Kernel\Shared.Kernel.csproj", "{A9AD1C0F-2314-47B6-9FC9-73F71EA1364F}"
EndProject
Project("{2150E333-8FDC-42A3-9474-1A3956D46DE8}") = "Inventory", "Inventory", "{CA15E31E-CB60-F235-5CDF-2E527A86A72C}"
EndProject
Project("{FAE04EC0-301F-11D3-BF4B-00C04F79EFBC}") = "UrbanX.Inventory.API", "src\Services\Inventory\UrbanX.Inventory.API\UrbanX.Inventory.API.csproj", "{0E526E6F-8CDA-4CC0-AE79-FF28BE320E0A}"
EndProject
Project("{FAE04EC0-301F-11D3-BF4B-00C04F79EFBC}") = "UrbanX.Inventory.Application", "src\Services\Inventory\UrbanX.Inventory.Application\UrbanX.Inventory.Application.csproj", "{D6B18715-AD68-403D-99F3-CD4E26B83676}"
EndProject
Project("{FAE04EC0-301F-11D3-BF4B-00C04F79EFBC}") = "UrbanX.Inventory.Domain", "src\Services\Inventory\UrbanX.Inventory.Domain\UrbanX.Inventory.Domain.csproj", "{AE97DF2D-0B2F-4F09-8F6F-92C67F0747BF}"
EndProject
Project("{FAE04EC0-301F-11D3-BF4B-00C04F79EFBC}") = "UrbanX.Inventory.Persistence", "src\Services\Inventory\UrbanX.Inventory.Persistence\UrbanX.Inventory.Persistence.csproj", "{F0C4D5B2-53D6-43F1-B016-3F791949C8E6}"
EndProject
Project("{FAE04EC0-301F-11D3-BF4B-00C04F79EFBC}") = "UrbanX.Inventory.Infrastructure", "src\Services\Inventory\UrbanX.Inventory.Infrastructure\UrbanX.Inventory.Infrastructure.csproj", "{2682DB68-C2BF-4879-A58A-DACD3F2CFB67}"
EndProject
Project("{2150E333-8FDC-42A3-9474-1A3956D46DE8}") = "Identity", "Identity", "{1BFC9479-12BF-35C3-06B8-42D89D95092B}"
EndProject
Project("{FAE04EC0-301F-11D3-BF4B-00C04F79EFBC}") = "UrbanX.Identity.Domain", "src\Services\Identity\UrbanX.Identity.Domain\UrbanX.Identity.Domain.csproj", "{FE169EAC-DF2C-4800-8E72-9FF807899131}"
EndProject
Project("{FAE04EC0-301F-11D3-BF4B-00C04F79EFBC}") = "UrbanX.Identity.Infrastructure", "src\Services\Identity\UrbanX.Identity.Infrastructure\UrbanX.Identity.Infrastructure.csproj", "{0FAE1BD2-0118-4FA6-9382-7156E7E90CA8}"
EndProject
Project("{FAE04EC0-301F-11D3-BF4B-00C04F79EFBC}") = "UrbanX.Identity.Persistence", "src\Services\Identity\UrbanX.Identity.Persistence\UrbanX.Identity.Persistence.csproj", "{BBEC4D91-4552-40E4-BE7F-C3E6ADF5E4F4}"
EndProject
Project("{FAE04EC0-301F-11D3-BF4B-00C04F79EFBC}") = "UrbanX.Identity.Application", "src\Services\Identity\UrbanX.Identity.Application\UrbanX.Identity.Application.csproj", "{D4AF6696-AA03-4D24-856B-3FA751440D22}"
EndProject
Project("{FAE04EC0-301F-11D3-BF4B-00C04F79EFBC}") = "UrbanX.Identity.API", "src\Services\Identity\UrbanX.Identity.API\UrbanX.Identity.API.csproj", "{93CF40F0-1AB5-4BB3-8A81-AA7A2000AB96}"
EndProject
Project("{2150E333-8FDC-42A3-9474-1A3956D46DE8}") = "Order", "Order", "{B851199A-4979-E597-3D50-97AC5992BBAF}"
EndProject
Project("{FAE04EC0-301F-11D3-BF4B-00C04F79EFBC}") = "UrbanX.Order.Domain", "src\Services\Order\UrbanX.Order.Domain\UrbanX.Order.Domain.csproj", "{5E8D5013-0039-4B8C-A599-2E533764ADDE}"
EndProject
Project("{FAE04EC0-301F-11D3-BF4B-00C04F79EFBC}") = "UrbanX.Order.Infrastructure", "src\Services\Order\UrbanX.Order.Infrastructure\UrbanX.Order.Infrastructure.csproj", "{12D9F6E2-D888-4683-A25E-645562E265EF}"
EndProject
Project("{FAE04EC0-301F-11D3-BF4B-00C04F79EFBC}") = "UrbanX.Order.Persistence", "src\Services\Order\UrbanX.Order.Persistence\UrbanX.Order.Persistence.csproj", "{1205516B-4B91-436F-9EE2-DE7C2B7636A6}"
EndProject
Project("{FAE04EC0-301F-11D3-BF4B-00C04F79EFBC}") = "UrbanX.Order.Application", "src\Services\Order\UrbanX.Order.Application\UrbanX.Order.Application.csproj", "{4B24354F-2F9B-4712-9DC5-A75833BFE028}"
EndProject
Project("{FAE04EC0-301F-11D3-BF4B-00C04F79EFBC}") = "UrbanX.Order.API", "src\Services\Order\UrbanX.Order.API\UrbanX.Order.API.csproj", "{EC9D0C7E-701C-40C1-BEDB-BBB2B6A985C9}"
EndProject
Project("{2150E333-8FDC-42A3-9474-1A3956D46DE8}") = "Payment", "Payment", "{3FB03296-F262-2760-9861-73C41AF3766C}"
EndProject
Project("{FAE04EC0-301F-11D3-BF4B-00C04F79EFBC}") = "UrbanX.Payment.Domain", "src\Services\Payment\UrbanX.Payment.Domain\UrbanX.Payment.Domain.csproj", "{4E802AD9-D452-45BF-803E-5A785D0075AF}"
EndProject
Project("{FAE04EC0-301F-11D3-BF4B-00C04F79EFBC}") = "UrbanX.Payment.Persistence", "src\Services\Payment\UrbanX.Payment.Persistence\UrbanX.Payment.Persistence.csproj", "{6903E210-3808-4489-8BB3-D916F97CCA28}"
EndProject
Project("{FAE04EC0-301F-11D3-BF4B-00C04F79EFBC}") = "UrbanX.Payment.Application", "src\Services\Payment\UrbanX.Payment.Application\UrbanX.Payment.Application.csproj", "{279BB365-6435-4561-A4E3-9CFD70F8AAB1}"
EndProject
Project("{FAE04EC0-301F-11D3-BF4B-00C04F79EFBC}") = "UrbanX.Payment.API", "src\Services\Payment\UrbanX.Payment.API\UrbanX.Payment.API.csproj", "{3E8CD494-BD66-4E0B-A835-8407C87238C0}"
EndProject
Project("{2150E333-8FDC-42A3-9474-1A3956D46DE8}") = "Shared", "Shared", "{4F52FD11-658E-A102-6CD3-7D7C16FFA15B}"
EndProject
Project("{FAE04EC0-301F-11D3-BF4B-00C04F79EFBC}") = "Shared.Cache", "src\Shared\Shared.Cache\Shared.Cache.csproj", "{A1BBEFA8-63C3-4AC0-89BE-F106A72E19DC}"
EndProject
Project("{2150E333-8FDC-42A3-9474-1A3956D46DE8}") = "Promotion", "Promotion", "{C3215804-3188-DB35-4B55-B5A3C585F2EF}"
EndProject
Project("{FAE04EC0-301F-11D3-BF4B-00C04F79EFBC}") = "UrbanX.Promotion.Domain", "src\Services\Promotion\UrbanX.Promotion.Domain\UrbanX.Promotion.Domain.csproj", "{04BCAD27-C7BD-49A4-A375-4E0AD629561D}"
EndProject
Project("{FAE04EC0-301F-11D3-BF4B-00C04F79EFBC}") = "UrbanX.Promotion.Infrastructure", "src\Services\Promotion\UrbanX.Promotion.Infrastructure\UrbanX.Promotion.Infrastructure.csproj", "{5C09AEA4-BBAA-42D4-AAB6-824EEA183E34}"
EndProject
Project("{FAE04EC0-301F-11D3-BF4B-00C04F79EFBC}") = "UrbanX.Promotion.Persistence", "src\Services\Promotion\UrbanX.Promotion.Persistence\UrbanX.Promotion.Persistence.csproj", "{EFA114FD-9264-4961-8E1D-9A4C546DD90A}"
EndProject
Project("{FAE04EC0-301F-11D3-BF4B-00C04F79EFBC}") = "UrbanX.Promotion.Application", "src\Services\Promotion\UrbanX.Promotion.Application\UrbanX.Promotion.Application.csproj", "{4DFCD73F-A893-49D0-B29E-C245B683AFD8}"
EndProject
Project("{FAE04EC0-301F-11D3-BF4B-00C04F79EFBC}") = "UrbanX.Promotion.API", "src\Services\Promotion\UrbanX.Promotion.API\UrbanX.Promotion.API.csproj", "{C65F207C-81BF-41F8-937D-DD30E1FE0BB1}"
EndProject
Global
	GlobalSection(SolutionConfigurationPlatforms) = preSolution
		Debug|Any CPU = Debug|Any CPU
		Debug|x64 = Debug|x64
		Debug|x86 = Debug|x86
		Release|Any CPU = Release|Any CPU
		Release|x64 = Release|x64
		Release|x86 = Release|x86
	EndGlobalSection
	GlobalSection(ProjectConfigurationPlatforms) = postSolution
		{6F2ED2EC-4242-4503-9594-1798CD55A4B5}.Debug|Any CPU.ActiveCfg = Debug|Any CPU
		{6F2ED2EC-4242-4503-9594-1798CD55A4B5}.Debug|Any CPU.Build.0 = Debug|Any CPU
		{6F2ED2EC-4242-4503-9594-1798CD55A4B5}.Debug|x64.ActiveCfg = Debug|Any CPU
		{6F2ED2EC-4242-4503-9594-1798CD55A4B5}.Debug|x64.Build.0 = Debug|Any CPU
		{6F2ED2EC-4242-4503-9594-1798CD55A4B5}.Debug|x86.ActiveCfg = Debug|Any CPU
		{6F2ED2EC-4242-4503-9594-1798CD55A4B5}.Debug|x86.Build.0 = Debug|Any CPU
		{6F2ED2EC-4242-4503-9594-1798CD55A4B5}.Release|Any CPU.ActiveCfg = Release|Any CPU
		{6F2ED2EC-4242-4503-9594-1798CD55A4B5}.Release|Any CPU.Build.0 = Release|Any CPU
		{6F2ED2EC-4242-4503-9594-1798CD55A4B5}.Release|x64.ActiveCfg = Release|Any CPU
		{6F2ED2EC-4242-4503-9594-1798CD55A4B5}.Release|x64.Build.0 = Release|Any CPU
		{6F2ED2EC-4242-4503-9594-1798CD55A4B5}.Release|x86.ActiveCfg = Release|Any CPU
		{6F2ED2EC-4242-4503-9594-1798CD55A4B5}.Release|x86.Build.0 = Release|Any CPU
		{FBE7D688-46EE-4CF7-A5E5-AFC13CB0F6D5}.Debug|Any CPU.ActiveCfg = Debug|Any CPU
		{FBE7D688-46EE-4CF7-A5E5-AFC13CB0F6D5}.Debug|Any CPU.Build.0 = Debug|Any CPU
		{FBE7D688-46EE-4CF7-A5E5-AFC13CB0F6D5}.Debug|x64.ActiveCfg = Debug|Any CPU
		{FBE7D688-46EE-4CF7-A5E5-AFC13CB0F6D5}.Debug|x64.Build.0 = Debug|Any CPU
		{FBE7D688-46EE-4CF7-A5E5-AFC13CB0F6D5}.Debug|x86.ActiveCfg = Debug|Any CPU
		{FBE7D688-46EE-4CF7-A5E5-AFC13CB0F6D5}.Debug|x86.Build.0 = Debug|Any CPU
		{FBE7D688-46EE-4CF7-A5E5-AFC13CB0F6D5}.Release|Any CPU.ActiveCfg = Release|Any CPU
		{FBE7D688-46EE-4CF7-A5E5-AFC13CB0F6D5}.Release|Any CPU.Build.0 = Release|Any CPU
		{FBE7D688-46EE-4CF7-A5E5-AFC13CB0F6D5}.Release|x64.ActiveCfg = Release|Any CPU
		{FBE7D688-46EE-4CF7-A5E5-AFC13CB0F6D5}.Release|x64.Build.0 = Release|Any CPU
		{FBE7D688-46EE-4CF7-A5E5-AFC13CB0F6D5}.Release|x86.ActiveCfg = Release|Any CPU
		{FBE7D688-46EE-4CF7-A5E5-AFC13CB0F6D5}.Release|x86.Build.0 = Release|Any CPU
		{396317A6-ABA3-4922-A650-CAF13C48F82E}.Debug|Any CPU.ActiveCfg = Debug|Any CPU
		{396317A6-ABA3-4922-A650-CAF13C48F82E}.Debug|Any CPU.Build.0 = Debug|Any CPU
		{396317A6-ABA3-4922-A650-CAF13C48F82E}.Debug|x64.ActiveCfg = Debug|Any CPU
		{396317A6-ABA3-4922-A650-CAF13C48F82E}.Debug|x64.Build.0 = Debug|Any CPU
		{396317A6-ABA3-4922-A650-CAF13C48F82E}.Debug|x86.ActiveCfg = Debug|Any CPU
		{396317A6-ABA3-4922-A650-CAF13C48F82E}.Debug|x86.Build.0 = Debug|Any CPU
		{396317A6-ABA3-4922-A650-CAF13C48F82E}.Release|Any CPU.ActiveCfg = Release|Any CPU
		{396317A6-ABA3-4922-A650-CAF13C48F82E}.Release|Any CPU.Build.0 = Release|Any CPU
		{396317A6-ABA3-4922-A650-CAF13C48F82E}.Release|x64.ActiveCfg = Release|Any CPU
		{396317A6-ABA3-4922-A650-CAF13C48F82E}.Release|x64.Build.0 = Release|Any CPU
		{396317A6-ABA3-4922-A650-CAF13C48F82E}.Release|x86.ActiveCfg = Release|Any CPU
		{396317A6-ABA3-4922-A650-CAF13C48F82E}.Release|x86.Build.0 = Release|Any CPU
		{39273CDB-1B72-427B-BB27-62DE55C88F1A}.Debug|Any CPU.ActiveCfg = Debug|Any CPU
		{39273CDB-1B72-427B-BB27-62DE55C88F1A}.Debug|Any CPU.Build.0 = Debug|Any CPU
		{39273CDB-1B72-427B-BB27-62DE55C88F1A}.Debug|x64.ActiveCfg = Debug|Any CPU
		{39273CDB-1B72-427B-BB27-62DE55C88F1A}.Debug|x64.Build.0 = Debug|Any CPU
		{39273CDB-1B72-427B-BB27-62DE55C88F1A}.Debug|x86.ActiveCfg = Debug|Any CPU
		{39273CDB-1B72-427B-BB27-62DE55C88F1A}.Debug|x86.Build.0 = Debug|Any CPU
		{39273CDB-1B72-427B-BB27-62DE55C88F1A}.Release|Any CPU.ActiveCfg = Release|Any CPU
		{39273CDB-1B72-427B-BB27-62DE55C88F1A}.Release|Any CPU.Build.0 = Release|Any CPU
		{39273CDB-1B72-427B-BB27-62DE55C88F1A}.Release|x64.ActiveCfg = Release|Any CPU
		{39273CDB-1B72-427B-BB27-62DE55C88F1A}.Release|x64.Build.0 = Release|Any CPU
		{39273CDB-1B72-427B-BB27-62DE55C88F1A}.Release|x86.ActiveCfg = Release|Any CPU
		{39273CDB-1B72-427B-BB27-62DE55C88F1A}.Release|x86.Build.0 = Release|Any CPU
		{70BE84F2-FCDD-48DB-8F50-21C0997AC651}.Debug|Any CPU.ActiveCfg = Debug|Any CPU
		{70BE84F2-FCDD-48DB-8F50-21C0997AC651}.Debug|Any CPU.Build.0 = Debug|Any CPU
		{70BE84F2-FCDD-48DB-8F50-21C0997AC651}.Debug|x64.ActiveCfg = Debug|Any CPU
		{70BE84F2-FCDD-48DB-8F50-21C0997AC651}.Debug|x64.Build.0 = Debug|Any CPU
		{70BE84F2-FCDD-48DB-8F50-21C0997AC651}.Debug|x86.ActiveCfg = Debug|Any CPU
		{70BE84F2-FCDD-48DB-8F50-21C0997AC651}.Debug|x86.Build.0 = Debug|Any CPU
		{70BE84F2-FCDD-48DB-8F50-21C0997AC651}.Release|Any CPU.ActiveCfg = Release|Any CPU
		{70BE84F2-FCDD-48DB-8F50-21C0997AC651}.Release|Any CPU.Build.0 = Release|Any CPU
		{70BE84F2-FCDD-48DB-8F50-21C0997AC651}.Release|x64.ActiveCfg = Release|Any CPU
		{70BE84F2-FCDD-48DB-8F50-21C0997AC651}.Release|x64.Build.0 = Release|Any CPU
		{70BE84F2-FCDD-48DB-8F50-21C0997AC651}.Release|x86.ActiveCfg = Release|Any CPU
		{70BE84F2-FCDD-48DB-8F50-21C0997AC651}.Release|x86.Build.0 = Release|Any CPU
		{4DE29B43-8438-49EB-AC84-D8BDE5CBFD8F}.Debug|Any CPU.ActiveCfg = Debug|Any CPU
		{4DE29B43-8438-49EB-AC84-D8BDE5CBFD8F}.Debug|Any CPU.Build.0 = Debug|Any CPU
		{4DE29B43-8438-49EB-AC84-D8BDE5CBFD8F}.Debug|x64.ActiveCfg = Debug|Any CPU
		{4DE29B43-8438-49EB-AC84-D8BDE5CBFD8F}.Debug|x64.Build.0 = Debug|Any CPU
		{4DE29B43-8438-49EB-AC84-D8BDE5CBFD8F}.Debug|x86.ActiveCfg = Debug|Any CPU
		{4DE29B43-8438-49EB-AC84-D8BDE5CBFD8F}.Debug|x86.Build.0 = Debug|Any CPU
		{4DE29B43-8438-49EB-AC84-D8BDE5CBFD8F}.Release|Any CPU.ActiveCfg = Release|Any CPU
		{4DE29B43-8438-49EB-AC84-D8BDE5CBFD8F}.Release|Any CPU.Build.0 = Release|Any CPU
		{4DE29B43-8438-49EB-AC84-D8BDE5CBFD8F}.Release|x64.ActiveCfg = Release|Any CPU
		{4DE29B43-8438-49EB-AC84-D8BDE5CBFD8F}.Release|x64.Build.0 = Release|Any CPU
		{4DE29B43-8438-49EB-AC84-D8BDE5CBFD8F}.Release|x86.ActiveCfg = Release|Any CPU
		{4DE29B43-8438-49EB-AC84-D8BDE5CBFD8F}.Release|x86.Build.0 = Release|Any CPU
		{200FEFB9-4318-45A3-A4BA-B7BC8E3E8682}.Debug|Any CPU.ActiveCfg = Debug|Any CPU
		{200FEFB9-4318-45A3-A4BA-B7BC8E3E8682}.Debug|Any CPU.Build.0 = Debug|Any CPU
		{200FEFB9-4318-45A3-A4BA-B7BC8E3E8682}.Debug|x64.ActiveCfg = Debug|Any CPU
		{200FEFB9-4318-45A3-A4BA-B7BC8E3E8682}.Debug|x64.Build.0 = Debug|Any CPU
		{200FEFB9-4318-45A3-A4BA-B7BC8E3E8682}.Debug|x86.ActiveCfg = Debug|Any CPU
		{200FEFB9-4318-45A3-A4BA-B7BC8E3E8682}.Debug|x86.Build.0 = Debug|Any CPU
		{200FEFB9-4318-45A3-A4BA-B7BC8E3E8682}.Release|Any CPU.ActiveCfg = Release|Any CPU
		{200FEFB9-4318-45A3-A4BA-B7BC8E3E8682}.Release|Any CPU.Build.0 = Release|Any CPU
		{200FEFB9-4318-45A3-A4BA-B7BC8E3E8682}.Release|x64.ActiveCfg = Release|Any CPU
		{200FEFB9-4318-45A3-A4BA-B7BC8E3E8682}.Release|x64.Build.0 = Release|Any CPU
		{200FEFB9-4318-45A3-A4BA-B7BC8E3E8682}.Release|x86.ActiveCfg = Release|Any CPU
		{200FEFB9-4318-45A3-A4BA-B7BC8E3E8682}.Release|x86.Build.0 = Release|Any CPU
		{5B09ABFE-0042-410D-8BF6-18F399DE2808}.Debug|Any CPU.ActiveCfg = Debug|Any CPU
		{5B09ABFE-0042-410D-8BF6-18F399DE2808}.Debug|Any CPU.Build.0 = Debug|Any CPU
		{5B09ABFE-0042-410D-8BF6-18F399DE2808}.Debug|x64.ActiveCfg = Debug|Any CPU
		{5B09ABFE-0042-410D-8BF6-18F399DE2808}.Debug|x64.Build.0 = Debug|Any CPU
		{5B09ABFE-0042-410D-8BF6-18F399DE2808}.Debug|x86.ActiveCfg = Debug|Any CPU
		{5B09ABFE-0042-410D-8BF6-18F399DE2808}.Debug|x86.Build.0 = Debug|Any CPU
		{5B09ABFE-0042-410D-8BF6-18F399DE2808}.Release|Any CPU.ActiveCfg = Release|Any CPU
		{5B09ABFE-0042-410D-8BF6-18F399DE2808}.Release|Any CPU.Build.0 = Release|Any CPU
		{5B09ABFE-0042-410D-8BF6-18F399DE2808}.Release|x64.ActiveCfg = Release|Any CPU
		{5B09ABFE-0042-410D-8BF6-18F399DE2808}.Release|x64.Build.0 = Release|Any CPU
		{5B09ABFE-0042-410D-8BF6-18F399DE2808}.Release|x86.ActiveCfg = Release|Any CPU
		{5B09ABFE-0042-410D-8BF6-18F399DE2808}.Release|x86.Build.0 = Release|Any CPU
		{AAE2E03D-6D54-4AB5-8ED8-63638285932A}.Debug|Any CPU.ActiveCfg = Debug|Any CPU
		{AAE2E03D-6D54-4AB5-8ED8-63638285932A}.Debug|Any CPU.Build.0 = Debug|Any CPU
		{AAE2E03D-6D54-4AB5-8ED8-63638285932A}.Debug|x64.ActiveCfg = Debug|Any CPU
		{AAE2E03D-6D54-4AB5-8ED8-63638285932A}.Debug|x64.Build.0 = Debug|Any CPU
		{AAE2E03D-6D54-4AB5-8ED8-63638285932A}.Debug|x86.ActiveCfg = Debug|Any CPU
		{AAE2E03D-6D54-4AB5-8ED8-63638285932A}.Debug|x86.Build.0 = Debug|Any CPU
		{AAE2E03D-6D54-4AB5-8ED8-63638285932A}.Release|Any CPU.ActiveCfg = Release|Any CPU
		{AAE2E03D-6D54-4AB5-8ED8-63638285932A}.Release|Any CPU.Build.0 = Release|Any CPU
		{AAE2E03D-6D54-4AB5-8ED8-63638285932A}.Release|x64.ActiveCfg = Release|Any CPU
		{AAE2E03D-6D54-4AB5-8ED8-63638285932A}.Release|x64.Build.0 = Release|Any CPU
		{AAE2E03D-6D54-4AB5-8ED8-63638285932A}.Release|x86.ActiveCfg = Release|Any CPU
		{AAE2E03D-6D54-4AB5-8ED8-63638285932A}.Release|x86.Build.0 = Release|Any CPU
		{42E08CCD-DF4E-8811-62E9-22766C7B2CEB}.Debug|Any CPU.ActiveCfg = Debug|Any CPU
		{42E08CCD-DF4E-8811-62E9-22766C7B2CEB}.Debug|Any CPU.Build.0 = Debug|Any CPU
		{42E08CCD-DF4E-8811-62E9-22766C7B2CEB}.Debug|x64.ActiveCfg = Debug|Any CPU
		{42E08CCD-DF4E-8811-62E9-22766C7B2CEB}.Debug|x64.Build.0 = Debug|Any CPU
		{42E08CCD-DF4E-8811-62E9-22766C7B2CEB}.Debug|x86.ActiveCfg = Debug|Any CPU
		{42E08CCD-DF4E-8811-62E9-22766C7B2CEB}.Debug|x86.Build.0 = Debug|Any CPU
		{42E08CCD-DF4E-8811-62E9-22766C7B2CEB}.Release|Any CPU.ActiveCfg = Release|Any CPU
		{42E08CCD-DF4E-8811-62E9-22766C7B2CEB}.Release|Any CPU.Build.0 = Release|Any CPU
		{42E08CCD-DF4E-8811-62E9-22766C7B2CEB}.Release|x64.ActiveCfg = Release|Any CPU
		{42E08CCD-DF4E-8811-62E9-22766C7B2CEB}.Release|x64.Build.0 = Release|Any CPU
		{42E08CCD-DF4E-8811-62E9-22766C7B2CEB}.Release|x86.ActiveCfg = Release|Any CPU
		{42E08CCD-DF4E-8811-62E9-22766C7B2CEB}.Release|x86.Build.0 = Release|Any CPU
		{7F1477EE-4AA1-418B-900E-A81A2261D277}.Debug|Any CPU.ActiveCfg = Debug|Any CPU
		{7F1477EE-4AA1-418B-900E-A81A2261D277}.Debug|Any CPU.Build.0 = Debug|Any CPU
		{7F1477EE-4AA1-418B-900E-A81A2261D277}.Debug|x64.ActiveCfg = Debug|Any CPU
		{7F1477EE-4AA1-418B-900E-A81A2261D277}.Debug|x64.Build.0 = Debug|Any CPU
		{7F1477EE-4AA1-418B-900E-A81A2261D277}.Debug|x86.ActiveCfg = Debug|Any CPU
		{7F1477EE-4AA1-418B-900E-A81A2261D277}.Debug|x86.Build.0 = Debug|Any CPU
		{7F1477EE-4AA1-418B-900E-A81A2261D277}.Release|Any CPU.ActiveCfg = Release|Any CPU
		{7F1477EE-4AA1-418B-900E-A81A2261D277}.Release|Any CPU.Build.0 = Release|Any CPU
		{7F1477EE-4AA1-418B-900E-A81A2261D277}.Release|x64.ActiveCfg = Release|Any CPU
		{7F1477EE-4AA1-418B-900E-A81A2261D277}.Release|x64.Build.0 = Release|Any CPU
		{7F1477EE-4AA1-418B-900E-A81A2261D277}.Release|x86.ActiveCfg = Release|Any CPU
		{7F1477EE-4AA1-418B-900E-A81A2261D277}.Release|x86.Build.0 = Release|Any CPU
		{356ECF57-1D82-42B4-9714-D4EC7F42356A}.Debug|Any CPU.ActiveCfg = Debug|Any CPU
		{356ECF57-1D82-42B4-9714-D4EC7F42356A}.Debug|Any CPU.Build.0 = Debug|Any CPU
		{356ECF57-1D82-42B4-9714-D4EC7F42356A}.Debug|x64.ActiveCfg = Debug|Any CPU
		{356ECF57-1D82-42B4-9714-D4EC7F42356A}.Debug|x64.Build.0 = Debug|Any CPU
		{356ECF57-1D82-42B4-9714-D4EC7F42356A}.Debug|x86.ActiveCfg = Debug|Any CPU
		{356ECF57-1D82-42B4-9714-D4EC7F42356A}.Debug|x86.Build.0 = Debug|Any CPU
		{356ECF57-1D82-42B4-9714-D4EC7F42356A}.Release|Any CPU.ActiveCfg = Release|Any CPU
		{356ECF57-1D82-42B4-9714-D4EC7F42356A}.Release|Any CPU.Build.0 = Release|Any CPU
		{356ECF57-1D82-42B4-9714-D4EC7F42356A}.Release|x64.ActiveCfg = Release|Any CPU
		{356ECF57-1D82-42B4-9714-D4EC7F42356A}.Release|x64.Build.0 = Release|Any CPU
		{356ECF57-1D82-42B4-9714-D4EC7F42356A}.Release|x86.ActiveCfg = Release|Any CPU
		{356ECF57-1D82-42B4-9714-D4EC7F42356A}.Release|x86.Build.0 = Release|Any CPU
		{90744985-05F3-4D07-85CF-FE718ECE1A6C}.Debug|Any CPU.ActiveCfg = Debug|Any CPU
		{90744985-05F3-4D07-85CF-FE718ECE1A6C}.Debug|Any CPU.Build.0 = Debug|Any CPU
		{90744985-05F3-4D07-85CF-FE718ECE1A6C}.Debug|x64.ActiveCfg = Debug|Any CPU
		{90744985-05F3-4D07-85CF-FE718ECE1A6C}.Debug|x64.Build.0 = Debug|Any CPU
		{90744985-05F3-4D07-85CF-FE718ECE1A6C}.Debug|x86.ActiveCfg = Debug|Any CPU
		{90744985-05F3-4D07-85CF-FE718ECE1A6C}.Debug|x86.Build.0 = Debug|Any CPU
		{90744985-05F3-4D07-85CF-FE718ECE1A6C}.Release|Any CPU.ActiveCfg = Release|Any CPU
		{90744985-05F3-4D07-85CF-FE718ECE1A6C}.Release|Any CPU.Build.0 = Release|Any CPU
		{90744985-05F3-4D07-85CF-FE718ECE1A6C}.Release|x64.ActiveCfg = Release|Any CPU
		{90744985-05F3-4D07-85CF-FE718ECE1A6C}.Release|x64.Build.0 = Release|Any CPU
		{90744985-05F3-4D07-85CF-FE718ECE1A6C}.Release|x86.ActiveCfg = Release|Any CPU
		{90744985-05F3-4D07-85CF-FE718ECE1A6C}.Release|x86.Build.0 = Release|Any CPU
		{9ECC46CD-8CE3-96D7-6D30-E8A84FE5B6BB}.Debug|Any CPU.ActiveCfg = Debug|Any CPU
		{9ECC46CD-8CE3-96D7-6D30-E8A84FE5B6BB}.Debug|Any CPU.Build.0 = Debug|Any CPU
		{9ECC46CD-8CE3-96D7-6D30-E8A84FE5B6BB}.Debug|x64.ActiveCfg = Debug|Any CPU
		{9ECC46CD-8CE3-96D7-6D30-E8A84FE5B6BB}.Debug|x64.Build.0 = Debug|Any CPU
		{9ECC46CD-8CE3-96D7-6D30-E8A84FE5B6BB}.Debug|x86.ActiveCfg = Debug|Any CPU
		{9ECC46CD-8CE3-96D7-6D30-E8A84FE5B6BB}.Debug|x86.Build.0 = Debug|Any CPU
		{9ECC46CD-8CE3-96D7-6D30-E8A84FE5B6BB}.Release|Any CPU.ActiveCfg = Release|Any CPU
		{9ECC46CD-8CE3-96D7-6D30-E8A84FE5B6BB}.Release|Any CPU.Build.0 = Release|Any CPU
		{9ECC46CD-8CE3-96D7-6D30-E8A84FE5B6BB}.Release|x64.ActiveCfg = Release|Any CPU
		{9ECC46CD-8CE3-96D7-6D30-E8A84FE5B6BB}.Release|x64.Build.0 = Release|Any CPU
		{9ECC46CD-8CE3-96D7-6D30-E8A84FE5B6BB}.Release|x86.ActiveCfg = Release|Any CPU
		{9ECC46CD-8CE3-96D7-6D30-E8A84FE5B6BB}.Release|x86.Build.0 = Release|Any CPU
		{5680F1C6-4258-4FA6-8B1A-03057ECAB76A}.Debug|Any CPU.ActiveCfg = Debug|Any CPU
		{5680F1C6-4258-4FA6-8B1A-03057ECAB76A}.Debug|Any CPU.Build.0 = Debug|Any CPU
		{5680F1C6-4258-4FA6-8B1A-03057ECAB76A}.Debug|x64.ActiveCfg = Debug|Any CPU
		{5680F1C6-4258-4FA6-8B1A-03057ECAB76A}.Debug|x64.Build.0 = Debug|Any CPU
		{5680F1C6-4258-4FA6-8B1A-03057ECAB76A}.Debug|x86.ActiveCfg = Debug|Any CPU
		{5680F1C6-4258-4FA6-8B1A-03057ECAB76A}.Debug|x86.Build.0 = Debug|Any CPU
		{5680F1C6-4258-4FA6-8B1A-03057ECAB76A}.Release|Any CPU.ActiveCfg = Release|Any CPU
		{5680F1C6-4258-4FA6-8B1A-03057ECAB76A}.Release|Any CPU.Build.0 = Release|Any CPU
		{5680F1C6-4258-4FA6-8B1A-03057ECAB76A}.Release|x64.ActiveCfg = Release|Any CPU
		{5680F1C6-4258-4FA6-8B1A-03057ECAB76A}.Release|x64.Build.0 = Release|Any CPU
		{5680F1C6-4258-4FA6-8B1A-03057ECAB76A}.Release|x86.ActiveCfg = Release|Any CPU
		{5680F1C6-4258-4FA6-8B1A-03057ECAB76A}.Release|x86.Build.0 = Release|Any CPU
		{A279B210-B0C9-4F83-AA5A-7F45CF60A29E}.Debug|Any CPU.ActiveCfg = Debug|Any CPU
		{A279B210-B0C9-4F83-AA5A-7F45CF60A29E}.Debug|Any CPU.Build.0 = Debug|Any CPU
		{A279B210-B0C9-4F83-AA5A-7F45CF60A29E}.Debug|x64.ActiveCfg = Debug|Any CPU
		{A279B210-B0C9-4F83-AA5A-7F45CF60A29E}.Debug|x64.Build.0 = Debug|Any CPU
		{A279B210-B0C9-4F83-AA5A-7F45CF60A29E}.Debug|x86.ActiveCfg = Debug|Any CPU
		{A279B210-B0C9-4F83-AA5A-7F45CF60A29E}.Debug|x86.Build.0 = Debug|Any CPU
		{A279B210-B0C9-4F83-AA5A-7F45CF60A29E}.Release|Any CPU.ActiveCfg = Release|Any CPU
		{A279B210-B0C9-4F83-AA5A-7F45CF60A29E}.Release|Any CPU.Build.0 = Release|Any CPU
		{A279B210-B0C9-4F83-AA5A-7F45CF60A29E}.Release|x64.ActiveCfg = Release|Any CPU
		{A279B210-B0C9-4F83-AA5A-7F45CF60A29E}.Release|x64.Build.0 = Release|Any CPU
		{A279B210-B0C9-4F83-AA5A-7F45CF60A29E}.Release|x86.ActiveCfg = Release|Any CPU
		{A279B210-B0C9-4F83-AA5A-7F45CF60A29E}.Release|x86.Build.0 = Release|Any CPU
		{58A0105B-566F-40E6-A6BA-165CFF024385}.Debug|Any CPU.ActiveCfg = Debug|Any CPU
		{58A0105B-566F-40E6-A6BA-165CFF024385}.Debug|Any CPU.Build.0 = Debug|Any CPU
		{58A0105B-566F-40E6-A6BA-165CFF024385}.Debug|x64.ActiveCfg = Debug|Any CPU
		{58A0105B-566F-40E6-A6BA-165CFF024385}.Debug|x64.Build.0 = Debug|Any CPU
		{58A0105B-566F-40E6-A6BA-165CFF024385}.Debug|x86.ActiveCfg = Debug|Any CPU
		{58A0105B-566F-40E6-A6BA-165CFF024385}.Debug|x86.Build.0 = Debug|Any CPU
		{58A0105B-566F-40E6-A6BA-165CFF024385}.Release|Any CPU.ActiveCfg = Release|Any CPU
		{58A0105B-566F-40E6-A6BA-165CFF024385}.Release|Any CPU.Build.0 = Release|Any CPU
		{58A0105B-566F-40E6-A6BA-165CFF024385}.Release|x64.ActiveCfg = Release|Any CPU
		{58A0105B-566F-40E6-A6BA-165CFF024385}.Release|x64.Build.0 = Release|Any CPU
		{58A0105B-566F-40E6-A6BA-165CFF024385}.Release|x86.ActiveCfg = Release|Any CPU
		{58A0105B-566F-40E6-A6BA-165CFF024385}.Release|x86.Build.0 = Release|Any CPU
		{4BFA01F6-FC9C-499B-8AB9-7A843D171E4A}.Debug|Any CPU.ActiveCfg = Debug|Any CPU
		{4BFA01F6-FC9C-499B-8AB9-7A843D171E4A}.Debug|Any CPU.Build.0 = Debug|Any CPU
		{4BFA01F6-FC9C-499B-8AB9-7A843D171E4A}.Debug|x64.ActiveCfg = Debug|Any CPU
		{4BFA01F6-FC9C-499B-8AB9-7A843D171E4A}.Debug|x64.Build.0 = Debug|Any CPU
		{4BFA01F6-FC9C-499B-8AB9-7A843D171E4A}.Debug|x86.ActiveCfg = Debug|Any CPU
		{4BFA01F6-FC9C-499B-8AB9-7A843D171E4A}.Debug|x86.Build.0 = Debug|Any CPU
		{4BFA01F6-FC9C-499B-8AB9-7A843D171E4A}.Release|Any CPU.ActiveCfg = Release|Any CPU
		{4BFA01F6-FC9C-499B-8AB9-7A843D171E4A}.Release|Any CPU.Build.0 = Release|Any CPU
		{4BFA01F6-FC9C-499B-8AB9-7A843D171E4A}.Release|x64.ActiveCfg = Release|Any CPU
		{4BFA01F6-FC9C-499B-8AB9-7A843D171E4A}.Release|x64.Build.0 = Release|Any CPU
		{4BFA01F6-FC9C-499B-8AB9-7A843D171E4A}.Release|x86.ActiveCfg = Release|Any CPU
		{4BFA01F6-FC9C-499B-8AB9-7A843D171E4A}.Release|x86.Build.0 = Release|Any CPU
		{84D93E80-E391-40E8-9D3D-80B3821EE046}.Debug|Any CPU.ActiveCfg = Debug|Any CPU
		{84D93E80-E391-40E8-9D3D-80B3821EE046}.Debug|Any CPU.Build.0 = Debug|Any CPU
		{84D93E80-E391-40E8-9D3D-80B3821EE046}.Debug|x64.ActiveCfg = Debug|Any CPU
		{84D93E80-E391-40E8-9D3D-80B3821EE046}.Debug|x64.Build.0 = Debug|Any CPU
		{84D93E80-E391-40E8-9D3D-80B3821EE046}.Debug|x86.ActiveCfg = Debug|Any CPU
		{84D93E80-E391-40E8-9D3D-80B3821EE046}.Debug|x86.Build.0 = Debug|Any CPU
		{84D93E80-E391-40E8-9D3D-80B3821EE046}.Release|Any CPU.ActiveCfg = Release|Any CPU
		{84D93E80-E391-40E8-9D3D-80B3821EE046}.Release|Any CPU.Build.0 = Release|Any CPU
		{84D93E80-E391-40E8-9D3D-80B3821EE046}.Release|x64.ActiveCfg = Release|Any CPU
		{84D93E80-E391-40E8-9D3D-80B3821EE046}.Release|x64.Build.0 = Release|Any CPU
		{84D93E80-E391-40E8-9D3D-80B3821EE046}.Release|x86.ActiveCfg = Release|Any CPU
		{84D93E80-E391-40E8-9D3D-80B3821EE046}.Release|x86.Build.0 = Release|Any CPU
		{9975EAEF-DAFA-4E14-B6BB-F6E4319F2325}.Debug|Any CPU.ActiveCfg = Debug|Any CPU
		{9975EAEF-DAFA-4E14-B6BB-F6E4319F2325}.Debug|Any CPU.Build.0 = Debug|Any CPU
		{9975EAEF-DAFA-4E14-B6BB-F6E4319F2325}.Debug|x64.ActiveCfg = Debug|Any CPU
		{9975EAEF-DAFA-4E14-B6BB-F6E4319F2325}.Debug|x64.Build.0 = Debug|Any CPU
		{9975EAEF-DAFA-4E14-B6BB-F6E4319F2325}.Debug|x86.ActiveCfg = Debug|Any CPU
		{9975EAEF-DAFA-4E14-B6BB-F6E4319F2325}.Debug|x86.Build.0 = Debug|Any CPU
		{9975EAEF-DAFA-4E14-B6BB-F6E4319F2325}.Release|Any CPU.ActiveCfg = Release|Any CPU
		{9975EAEF-DAFA-4E14-B6BB-F6E4319F2325}.Release|Any CPU.Build.0 = Release|Any CPU
		{9975EAEF-DAFA-4E14-B6BB-F6E4319F2325}.Release|x64.ActiveCfg = Release|Any CPU
		{9975EAEF-DAFA-4E14-B6BB-F6E4319F2325}.Release|x64.Build.0 = Release|Any CPU
		{9975EAEF-DAFA-4E14-B6BB-F6E4319F2325}.Release|x86.ActiveCfg = Release|Any CPU
		{9975EAEF-DAFA-4E14-B6BB-F6E4319F2325}.Release|x86.Build.0 = Release|Any CPU
		{24575C00-63CE-4523-8DE0-DFD16E8044BC}.Debug|Any CPU.ActiveCfg = Debug|Any CPU
		{24575C00-63CE-4523-8DE0-DFD16E8044BC}.Debug|Any CPU.Build.0 = Debug|Any CPU
		{24575C00-63CE-4523-8DE0-DFD16E8044BC}.Debug|x64.ActiveCfg = Debug|Any CPU
		{24575C00-63CE-4523-8DE0-DFD16E8044BC}.Debug|x64.Build.0 = Debug|Any CPU
		{24575C00-63CE-4523-8DE0-DFD16E8044BC}.Debug|x86.ActiveCfg = Debug|Any CPU
		{24575C00-63CE-4523-8DE0-DFD16E8044BC}.Debug|x86.Build.0 = Debug|Any CPU
		{24575C00-63CE-4523-8DE0-DFD16E8044BC}.Release|Any CPU.ActiveCfg = Release|Any CPU
		{24575C00-63CE-4523-8DE0-DFD16E8044BC}.Release|Any CPU.Build.0 = Release|Any CPU
		{24575C00-63CE-4523-8DE0-DFD16E8044BC}.Release|x64.ActiveCfg = Release|Any CPU
		{24575C00-63CE-4523-8DE0-DFD16E8044BC}.Release|x64.Build.0 = Release|Any CPU
		{24575C00-63CE-4523-8DE0-DFD16E8044BC}.Release|x86.ActiveCfg = Release|Any CPU
		{24575C00-63CE-4523-8DE0-DFD16E8044BC}.Release|x86.Build.0 = Release|Any CPU
		{A9AD1C0F-2314-47B6-9FC9-73F71EA1364F}.Debug|Any CPU.ActiveCfg = Debug|Any CPU
		{A9AD1C0F-2314-47B6-9FC9-73F71EA1364F}.Debug|Any CPU.Build.0 = Debug|Any CPU
		{A9AD1C0F-2314-47B6-9FC9-73F71EA1364F}.Debug|x64.ActiveCfg = Debug|Any CPU
		{A9AD1C0F-2314-47B6-9FC9-73F71EA1364F}.Debug|x64.Build.0 = Debug|Any CPU
		{A9AD1C0F-2314-47B6-9FC9-73F71EA1364F}.Debug|x86.ActiveCfg = Debug|Any CPU
		{A9AD1C0F-2314-47B6-9FC9-73F71EA1364F}.Debug|x86.Build.0 = Debug|Any CPU
		{A9AD1C0F-2314-47B6-9FC9-73F71EA1364F}.Release|Any CPU.ActiveCfg = Release|Any CPU
		{A9AD1C0F-2314-47B6-9FC9-73F71EA1364F}.Release|Any CPU.Build.0 = Release|Any CPU
		{A9AD1C0F-2314-47B6-9FC9-73F71EA1364F}.Release|x64.ActiveCfg = Release|Any CPU
		{A9AD1C0F-2314-47B6-9FC9-73F71EA1364F}.Release|x64.Build.0 = Release|Any CPU
		{A9AD1C0F-2314-47B6-9FC9-73F71EA1364F}.Release|x86.ActiveCfg = Release|Any CPU
		{A9AD1C0F-2314-47B6-9FC9-73F71EA1364F}.Release|x86.Build.0 = Release|Any CPU
		{0E526E6F-8CDA-4CC0-AE79-FF28BE320E0A}.Debug|Any CPU.ActiveCfg = Debug|Any CPU
		{0E526E6F-8CDA-4CC0-AE79-FF28BE320E0A}.Debug|Any CPU.Build.0 = Debug|Any CPU
		{0E526E6F-8CDA-4CC0-AE79-FF28BE320E0A}.Debug|x64.ActiveCfg = Debug|Any CPU
		{0E526E6F-8CDA-4CC0-AE79-FF28BE320E0A}.Debug|x64.Build.0 = Debug|Any CPU
		{0E526E6F-8CDA-4CC0-AE79-FF28BE320E0A}.Debug|x86.ActiveCfg = Debug|Any CPU
		{0E526E6F-8CDA-4CC0-AE79-FF28BE320E0A}.Debug|x86.Build.0 = Debug|Any CPU
		{0E526E6F-8CDA-4CC0-AE79-FF28BE320E0A}.Release|Any CPU.ActiveCfg = Release|Any CPU
		{0E526E6F-8CDA-4CC0-AE79-FF28BE320E0A}.Release|Any CPU.Build.0 = Release|Any CPU
		{0E526E6F-8CDA-4CC0-AE79-FF28BE320E0A}.Release|x64.ActiveCfg = Release|Any CPU
		{0E526E6F-8CDA-4CC0-AE79-FF28BE320E0A}.Release|x64.Build.0 = Release|Any CPU
		{0E526E6F-8CDA-4CC0-AE79-FF28BE320E0A}.Release|x86.ActiveCfg = Release|Any CPU
		{0E526E6F-8CDA-4CC0-AE79-FF28BE320E0A}.Release|x86.Build.0 = Release|Any CPU
		{D6B18715-AD68-403D-99F3-CD4E26B83676}.Debug|Any CPU.ActiveCfg = Debug|Any CPU
		{D6B18715-AD68-403D-99F3-CD4E26B83676}.Debug|Any CPU.Build.0 = Debug|Any CPU
		{D6B18715-AD68-403D-99F3-CD4E26B83676}.Debug|x64.ActiveCfg = Debug|Any CPU
		{D6B18715-AD68-403D-99F3-CD4E26B83676}.Debug|x64.Build.0 = Debug|Any CPU
		{D6B18715-AD68-403D-99F3-CD4E26B83676}.Debug|x86.ActiveCfg = Debug|Any CPU
		{D6B18715-AD68-403D-99F3-CD4E26B83676}.Debug|x86.Build.0 = Debug|Any CPU
		{D6B18715-AD68-403D-99F3-CD4E26B83676}.Release|Any CPU.ActiveCfg = Release|Any CPU
		{D6B18715-AD68-403D-99F3-CD4E26B83676}.Release|Any CPU.Build.0 = Release|Any CPU
		{D6B18715-AD68-403D-99F3-CD4E26B83676}.Release|x64.ActiveCfg = Release|Any CPU
		{D6B18715-AD68-403D-99F3-CD4E26B83676}.Release|x64.Build.0 = Release|Any CPU
		{D6B18715-AD68-403D-99F3-CD4E26B83676}.Release|x86.ActiveCfg = Release|Any CPU
		{D6B18715-AD68-403D-99F3-CD4E26B83676}.Release|x86.Build.0 = Release|Any CPU
		{AE97DF2D-0B2F-4F09-8F6F-92C67F0747BF}.Debug|Any CPU.ActiveCfg = Debug|Any CPU
		{AE97DF2D-0B2F-4F09-8F6F-92C67F0747BF}.Debug|Any CPU.Build.0 = Debug|Any CPU
		{AE97DF2D-0B2F-4F09-8F6F-92C67F0747BF}.Debug|x64.ActiveCfg = Debug|Any CPU
		{AE97DF2D-0B2F-4F09-8F6F-92C67F0747BF}.Debug|x64.Build.0 = Debug|Any CPU
		{AE97DF2D-0B2F-4F09-8F6F-92C67F0747BF}.Debug|x86.ActiveCfg = Debug|Any CPU
		{AE97DF2D-0B2F-4F09-8F6F-92C67F0747BF}.Debug|x86.Build.0 = Debug|Any CPU
		{AE97DF2D-0B2F-4F09-8F6F-92C67F0747BF}.Release|Any CPU.ActiveCfg = Release|Any CPU
		{AE97DF2D-0B2F-4F09-8F6F-92C67F0747BF}.Release|Any CPU.Build.0 = Release|Any CPU
		{AE97DF2D-0B2F-4F09-8F6F-92C67F0747BF}.Release|x64.ActiveCfg = Release|Any CPU
		{AE97DF2D-0B2F-4F09-8F6F-92C67F0747BF}.Release|x64.Build.0 = Release|Any CPU
		{AE97DF2D-0B2F-4F09-8F6F-92C67F0747BF}.Release|x86.ActiveCfg = Release|Any CPU
		{AE97DF2D-0B2F-4F09-8F6F-92C67F0747BF}.Release|x86.Build.0 = Release|Any CPU
		{F0C4D5B2-53D6-43F1-B016-3F791949C8E6}.Debug|Any CPU.ActiveCfg = Debug|Any CPU
		{F0C4D5B2-53D6-43F1-B016-3F791949C8E6}.Debug|Any CPU.Build.0 = Debug|Any CPU
		{F0C4D5B2-53D6-43F1-B016-3F791949C8E6}.Debug|x64.ActiveCfg = Debug|Any CPU
		{F0C4D5B2-53D6-43F1-B016-3F791949C8E6}.Debug|x64.Build.0 = Debug|Any CPU
		{F0C4D5B2-53D6-43F1-B016-3F791949C8E6}.Debug|x86.ActiveCfg = Debug|Any CPU
		{F0C4D5B2-53D6-43F1-B016-3F791949C8E6}.Debug|x86.Build.0 = Debug|Any CPU
		{F0C4D5B2-53D6-43F1-B016-3F791949C8E6}.Release|Any CPU.ActiveCfg = Release|Any CPU
		{F0C4D5B2-53D6-43F1-B016-3F791949C8E6}.Release|Any CPU.Build.0 = Release|Any CPU
		{F0C4D5B2-53D6-43F1-B016-3F791949C8E6}.Release|x64.ActiveCfg = Release|Any CPU
		{F0C4D5B2-53D6-43F1-B016-3F791949C8E6}.Release|x64.Build.0 = Release|Any CPU
		{F0C4D5B2-53D6-43F1-B016-3F791949C8E6}.Release|x86.ActiveCfg = Release|Any CPU
		{F0C4D5B2-53D6-43F1-B016-3F791949C8E6}.Release|x86.Build.0 = Release|Any CPU
		{2682DB68-C2BF-4879-A58A-DACD3F2CFB67}.Debug|Any CPU.ActiveCfg = Debug|Any CPU
		{2682DB68-C2BF-4879-A58A-DACD3F2CFB67}.Debug|Any CPU.Build.0 = Debug|Any CPU
		{2682DB68-C2BF-4879-A58A-DACD3F2CFB67}.Debug|x64.ActiveCfg = Debug|Any CPU
		{2682DB68-C2BF-4879-A58A-DACD3F2CFB67}.Debug|x64.Build.0 = Debug|Any CPU
		{2682DB68-C2BF-4879-A58A-DACD3F2CFB67}.Debug|x86.ActiveCfg = Debug|Any CPU
		{2682DB68-C2BF-4879-A58A-DACD3F2CFB67}.Debug|x86.Build.0 = Debug|Any CPU
		{2682DB68-C2BF-4879-A58A-DACD3F2CFB67}.Release|Any CPU.ActiveCfg = Release|Any CPU
		{2682DB68-C2BF-4879-A58A-DACD3F2CFB67}.Release|Any CPU.Build.0 = Release|Any CPU
		{2682DB68-C2BF-4879-A58A-DACD3F2CFB67}.Release|x64.ActiveCfg = Release|Any CPU
		{2682DB68-C2BF-4879-A58A-DACD3F2CFB67}.Release|x64.Build.0 = Release|Any CPU
		{2682DB68-C2BF-4879-A58A-DACD3F2CFB67}.Release|x86.ActiveCfg = Release|Any CPU
		{2682DB68-C2BF-4879-A58A-DACD3F2CFB67}.Release|x86.Build.0 = Release|Any CPU
		{FE169EAC-DF2C-4800-8E72-9FF807899131}.Debug|Any CPU.ActiveCfg = Debug|Any CPU
		{FE169EAC-DF2C-4800-8E72-9FF807899131}.Debug|Any CPU.Build.0 = Debug|Any CPU
		{FE169EAC-DF2C-4800-8E72-9FF807899131}.Debug|x64.ActiveCfg = Debug|Any CPU
		{FE169EAC-DF2C-4800-8E72-9FF807899131}.Debug|x64.Build.0 = Debug|Any CPU
		{FE169EAC-DF2C-4800-8E72-9FF807899131}.Debug|x86.ActiveCfg = Debug|Any CPU
		{FE169EAC-DF2C-4800-8E72-9FF807899131}.Debug|x86.Build.0 = Debug|Any CPU
		{FE169EAC-DF2C-4800-8E72-9FF807899131}.Release|Any CPU.ActiveCfg = Release|Any CPU
		{FE169EAC-DF2C-4800-8E72-9FF807899131}.Release|Any CPU.Build.0 = Release|Any CPU
		{FE169EAC-DF2C-4800-8E72-9FF807899131}.Release|x64.ActiveCfg = Release|Any CPU
		{FE169EAC-DF2C-4800-8E72-9FF807899131}.Release|x64.Build.0 = Release|Any CPU
		{FE169EAC-DF2C-4800-8E72-9FF807899131}.Release|x86.ActiveCfg = Release|Any CPU
		{FE169EAC-DF2C-4800-8E72-9FF807899131}.Release|x86.Build.0 = Release|Any CPU
		{0FAE1BD2-0118-4FA6-9382-7156E7E90CA8}.Debug|Any CPU.ActiveCfg = Debug|Any CPU
		{0FAE1BD2-0118-4FA6-9382-7156E7E90CA8}.Debug|Any CPU.Build.0 = Debug|Any CPU
		{0FAE1BD2-0118-4FA6-9382-7156E7E90CA8}.Debug|x64.ActiveCfg = Debug|Any CPU
		{0FAE1BD2-0118-4FA6-9382-7156E7E90CA8}.Debug|x64.Build.0 = Debug|Any CPU
		{0FAE1BD2-0118-4FA6-9382-7156E7E90CA8}.Debug|x86.ActiveCfg = Debug|Any CPU
		{0FAE1BD2-0118-4FA6-9382-7156E7E90CA8}.Debug|x86.Build.0 = Debug|Any CPU
		{0FAE1BD2-0118-4FA6-9382-7156E7E90CA8}.Release|Any CPU.ActiveCfg = Release|Any CPU
		{0FAE1BD2-0118-4FA6-9382-7156E7E90CA8}.Release|Any CPU.Build.0 = Release|Any CPU
		{0FAE1BD2-0118-4FA6-9382-7156E7E90CA8}.Release|x64.ActiveCfg = Release|Any CPU
		{0FAE1BD2-0118-4FA6-9382-7156E7E90CA8}.Release|x64.Build.0 = Release|Any CPU
		{0FAE1BD2-0118-4FA6-9382-7156E7E90CA8}.Release|x86.ActiveCfg = Release|Any CPU
		{0FAE1BD2-0118-4FA6-9382-7156E7E90CA8}.Release|x86.Build.0 = Release|Any CPU
		{BBEC4D91-4552-40E4-BE7F-C3E6ADF5E4F4}.Debug|Any CPU.ActiveCfg = Debug|Any CPU
		{BBEC4D91-4552-40E4-BE7F-C3E6ADF5E4F4}.Debug|Any CPU.Build.0 = Debug|Any CPU
		{BBEC4D91-4552-40E4-BE7F-C3E6ADF5E4F4}.Debug|x64.ActiveCfg = Debug|Any CPU
		{BBEC4D91-4552-40E4-BE7F-C3E6ADF5E4F4}.Debug|x64.Build.0 = Debug|Any CPU
		{BBEC4D91-4552-40E4-BE7F-C3E6ADF5E4F4}.Debug|x86.ActiveCfg = Debug|Any CPU
		{BBEC4D91-4552-40E4-BE7F-C3E6ADF5E4F4}.Debug|x86.Build.0 = Debug|Any CPU
		{BBEC4D91-4552-40E4-BE7F-C3E6ADF5E4F4}.Release|Any CPU.ActiveCfg = Release|Any CPU
		{BBEC4D91-4552-40E4-BE7F-C3E6ADF5E4F4}.Release|Any CPU.Build.0 = Release|Any CPU
		{BBEC4D91-4552-40E4-BE7F-C3E6ADF5E4F4}.Release|x64.ActiveCfg = Release|Any CPU
		{BBEC4D91-4552-40E4-BE7F-C3E6ADF5E4F4}.Release|x64.Build.0 = Release|Any CPU
		{BBEC4D91-4552-40E4-BE7F-C3E6ADF5E4F4}.Release|x86.ActiveCfg = Release|Any CPU
		{BBEC4D91-4552-40E4-BE7F-C3E6ADF5E4F4}.Release|x86.Build.0 = Release|Any CPU
		{D4AF6696-AA03-4D24-856B-3FA751440D22}.Debug|Any CPU.ActiveCfg = Debug|Any CPU
		{D4AF6696-AA03-4D24-856B-3FA751440D22}.Debug|Any CPU.Build.0 = Debug|Any CPU
		{D4AF6696-AA03-4D24-856B-3FA751440D22}.Debug|x64.ActiveCfg = Debug|Any CPU
		{D4AF6696-AA03-4D24-856B-3FA751440D22}.Debug|x64.Build.0 = Debug|Any CPU
		{D4AF6696-AA03-4D24-856B-3FA751440D22}.Debug|x86.ActiveCfg = Debug|Any CPU
		{D4AF6696-AA03-4D24-856B-3FA751440D22}.Debug|x86.Build.0 = Debug|Any CPU
		{D4AF6696-AA03-4D24-856B-3FA751440D22}.Release|Any CPU.ActiveCfg = Release|Any CPU
		{D4AF6696-AA03-4D24-856B-3FA751440D22}.Release|Any CPU.Build.0 = Release|Any CPU
		{D4AF6696-AA03-4D24-856B-3FA751440D22}.Release|x64.ActiveCfg = Release|Any CPU
		{D4AF6696-AA03-4D24-856B-3FA751440D22}.Release|x64.Build.0 = Release|Any CPU
		{D4AF6696-AA03-4D24-856B-3FA751440D22}.Release|x86.ActiveCfg = Release|Any CPU
		{D4AF6696-AA03-4D24-856B-3FA751440D22}.Release|x86.Build.0 = Release|Any CPU
		{93CF40F0-1AB5-4BB3-8A81-AA7A2000AB96}.Debug|Any CPU.ActiveCfg = Debug|Any CPU
		{93CF40F0-1AB5-4BB3-8A81-AA7A2000AB96}.Debug|Any CPU.Build.0 = Debug|Any CPU
		{93CF40F0-1AB5-4BB3-8A81-AA7A2000AB96}.Debug|x64.ActiveCfg = Debug|Any CPU
		{93CF40F0-1AB5-4BB3-8A81-AA7A2000AB96}.Debug|x64.Build.0 = Debug|Any CPU
		{93CF40F0-1AB5-4BB3-8A81-AA7A2000AB96}.Debug|x86.ActiveCfg = Debug|Any CPU
		{93CF40F0-1AB5-4BB3-8A81-AA7A2000AB96}.Debug|x86.Build.0 = Debug|Any CPU
		{93CF40F0-1AB5-4BB3-8A81-AA7A2000AB96}.Release|Any CPU.ActiveCfg = Release|Any CPU
		{93CF40F0-1AB5-4BB3-8A81-AA7A2000AB96}.Release|Any CPU.Build.0 = Release|Any CPU
		{93CF40F0-1AB5-4BB3-8A81-AA7A2000AB96}.Release|x64.ActiveCfg = Release|Any CPU
		{93CF40F0-1AB5-4BB3-8A81-AA7A2000AB96}.Release|x64.Build.0 = Release|Any CPU
		{93CF40F0-1AB5-4BB3-8A81-AA7A2000AB96}.Release|x86.ActiveCfg = Release|Any CPU
		{93CF40F0-1AB5-4BB3-8A81-AA7A2000AB96}.Release|x86.Build.0 = Release|Any CPU
		{5E8D5013-0039-4B8C-A599-2E533764ADDE}.Debug|Any CPU.ActiveCfg = Debug|Any CPU
		{5E8D5013-0039-4B8C-A599-2E533764ADDE}.Debug|Any CPU.Build.0 = Debug|Any CPU
		{5E8D5013-0039-4B8C-A599-2E533764ADDE}.Debug|x64.ActiveCfg = Debug|Any CPU
		{5E8D5013-0039-4B8C-A599-2E533764ADDE}.Debug|x64.Build.0 = Debug|Any CPU
		{5E8D5013-0039-4B8C-A599-2E533764ADDE}.Debug|x86.ActiveCfg = Debug|Any CPU
		{5E8D5013-0039-4B8C-A599-2E533764ADDE}.Debug|x86.Build.0 = Debug|Any CPU
		{5E8D5013-0039-4B8C-A599-2E533764ADDE}.Release|Any CPU.ActiveCfg = Release|Any CPU
		{5E8D5013-0039-4B8C-A599-2E533764ADDE}.Release|Any CPU.Build.0 = Release|Any CPU
		{5E8D5013-0039-4B8C-A599-2E533764ADDE}.Release|x64.ActiveCfg = Release|Any CPU
		{5E8D5013-0039-4B8C-A599-2E533764ADDE}.Release|x64.Build.0 = Release|Any CPU
		{5E8D5013-0039-4B8C-A599-2E533764ADDE}.Release|x86.ActiveCfg = Release|Any CPU
		{5E8D5013-0039-4B8C-A599-2E533764ADDE}.Release|x86.Build.0 = Release|Any CPU
		{12D9F6E2-D888-4683-A25E-645562E265EF}.Debug|Any CPU.ActiveCfg = Debug|Any CPU
		{12D9F6E2-D888-4683-A25E-645562E265EF}.Debug|Any CPU.Build.0 = Debug|Any CPU
		{12D9F6E2-D888-4683-A25E-645562E265EF}.Debug|x64.ActiveCfg = Debug|Any CPU
		{12D9F6E2-D888-4683-A25E-645562E265EF}.Debug|x64.Build.0 = Debug|Any CPU
		{12D9F6E2-D888-4683-A25E-645562E265EF}.Debug|x86.ActiveCfg = Debug|Any CPU
		{12D9F6E2-D888-4683-A25E-645562E265EF}.Debug|x86.Build.0 = Debug|Any CPU
		{12D9F6E2-D888-4683-A25E-645562E265EF}.Release|Any CPU.ActiveCfg = Release|Any CPU
		{12D9F6E2-D888-4683-A25E-645562E265EF}.Release|Any CPU.Build.0 = Release|Any CPU
		{12D9F6E2-D888-4683-A25E-645562E265EF}.Release|x64.ActiveCfg = Release|Any CPU
		{12D9F6E2-D888-4683-A25E-645562E265EF}.Release|x64.Build.0 = Release|Any CPU
		{12D9F6E2-D888-4683-A25E-645562E265EF}.Release|x86.ActiveCfg = Release|Any CPU
		{12D9F6E2-D888-4683-A25E-645562E265EF}.Release|x86.Build.0 = Release|Any CPU
		{1205516B-4B91-436F-9EE2-DE7C2B7636A6}.Debug|Any CPU.ActiveCfg = Debug|Any CPU
		{1205516B-4B91-436F-9EE2-DE7C2B7636A6}.Debug|Any CPU.Build.0 = Debug|Any CPU
		{1205516B-4B91-436F-9EE2-DE7C2B7636A6}.Debug|x64.ActiveCfg = Debug|Any CPU
		{1205516B-4B91-436F-9EE2-DE7C2B7636A6}.Debug|x64.Build.0 = Debug|Any CPU
		{1205516B-4B91-436F-9EE2-DE7C2B7636A6}.Debug|x86.ActiveCfg = Debug|Any CPU
		{1205516B-4B91-436F-9EE2-DE7C2B7636A6}.Debug|x86.Build.0 = Debug|Any CPU
		{1205516B-4B91-436F-9EE2-DE7C2B7636A6}.Release|Any CPU.ActiveCfg = Release|Any CPU
		{1205516B-4B91-436F-9EE2-DE7C2B7636A6}.Release|Any CPU.Build.0 = Release|Any CPU
		{1205516B-4B91-436F-9EE2-DE7C2B7636A6}.Release|x64.ActiveCfg = Release|Any CPU
		{1205516B-4B91-436F-9EE2-DE7C2B7636A6}.Release|x64.Build.0 = Release|Any CPU
		{1205516B-4B91-436F-9EE2-DE7C2B7636A6}.Release|x86.ActiveCfg = Release|Any CPU
		{1205516B-4B91-436F-9EE2-DE7C2B7636A6}.Release|x86.Build.0 = Release|Any CPU
		{4B24354F-2F9B-4712-9DC5-A75833BFE028}.Debug|Any CPU.ActiveCfg = Debug|Any CPU
		{4B24354F-2F9B-4712-9DC5-A75833BFE028}.Debug|Any CPU.Build.0 = Debug|Any CPU
		{4B24354F-2F9B-4712-9DC5-A75833BFE028}.Debug|x64.ActiveCfg = Debug|Any CPU
		{4B24354F-2F9B-4712-9DC5-A75833BFE028}.Debug|x64.Build.0 = Debug|Any CPU
		{4B24354F-2F9B-4712-9DC5-A75833BFE028}.Debug|x86.ActiveCfg = Debug|Any CPU
		{4B24354F-2F9B-4712-9DC5-A75833BFE028}.Debug|x86.Build.0 = Debug|Any CPU
		{4B24354F-2F9B-4712-9DC5-A75833BFE028}.Release|Any CPU.ActiveCfg = Release|Any CPU
		{4B24354F-2F9B-4712-9DC5-A75833BFE028}.Release|Any CPU.Build.0 = Release|Any CPU
		{4B24354F-2F9B-4712-9DC5-A75833BFE028}.Release|x64.ActiveCfg = Release|Any CPU
		{4B24354F-2F9B-4712-9DC5-A75833BFE028}.Release|x64.Build.0 = Release|Any CPU
		{4B24354F-2F9B-4712-9DC5-A75833BFE028}.Release|x86.ActiveCfg = Release|Any CPU
		{4B24354F-2F9B-4712-9DC5-A75833BFE028}.Release|x86.Build.0 = Release|Any CPU
		{EC9D0C7E-701C-40C1-BEDB-BBB2B6A985C9}.Debug|Any CPU.ActiveCfg = Debug|Any CPU
		{EC9D0C7E-701C-40C1-BEDB-BBB2B6A985C9}.Debug|Any CPU.Build.0 = Debug|Any CPU
		{EC9D0C7E-701C-40C1-BEDB-BBB2B6A985C9}.Debug|x64.ActiveCfg = Debug|Any CPU
		{EC9D0C7E-701C-40C1-BEDB-BBB2B6A985C9}.Debug|x64.Build.0 = Debug|Any CPU
		{EC9D0C7E-701C-40C1-BEDB-BBB2B6A985C9}.Debug|x86.ActiveCfg = Debug|Any CPU
		{EC9D0C7E-701C-40C1-BEDB-BBB2B6A985C9}.Debug|x86.Build.0 = Debug|Any CPU
		{EC9D0C7E-701C-40C1-BEDB-BBB2B6A985C9}.Release|Any CPU.ActiveCfg = Release|Any CPU
		{EC9D0C7E-701C-40C1-BEDB-BBB2B6A985C9}.Release|Any CPU.Build.0 = Release|Any CPU
		{EC9D0C7E-701C-40C1-BEDB-BBB2B6A985C9}.Release|x64.ActiveCfg = Release|Any CPU
		{EC9D0C7E-701C-40C1-BEDB-BBB2B6A985C9}.Release|x64.Build.0 = Release|Any CPU
		{EC9D0C7E-701C-40C1-BEDB-BBB2B6A985C9}.Release|x86.ActiveCfg = Release|Any CPU
		{EC9D0C7E-701C-40C1-BEDB-BBB2B6A985C9}.Release|x86.Build.0 = Release|Any CPU
		{4E802AD9-D452-45BF-803E-5A785D0075AF}.Debug|Any CPU.ActiveCfg = Debug|Any CPU
		{4E802AD9-D452-45BF-803E-5A785D0075AF}.Debug|Any CPU.Build.0 = Debug|Any CPU
		{4E802AD9-D452-45BF-803E-5A785D0075AF}.Debug|x64.ActiveCfg = Debug|Any CPU
		{4E802AD9-D452-45BF-803E-5A785D0075AF}.Debug|x64.Build.0 = Debug|Any CPU
		{4E802AD9-D452-45BF-803E-5A785D0075AF}.Debug|x86.ActiveCfg = Debug|Any CPU
		{4E802AD9-D452-45BF-803E-5A785D0075AF}.Debug|x86.Build.0 = Debug|Any CPU
		{4E802AD9-D452-45BF-803E-5A785D0075AF}.Release|Any CPU.ActiveCfg = Release|Any CPU
		{4E802AD9-D452-45BF-803E-5A785D0075AF}.Release|Any CPU.Build.0 = Release|Any CPU
		{4E802AD9-D452-45BF-803E-5A785D0075AF}.Release|x64.ActiveCfg = Release|Any CPU
		{4E802AD9-D452-45BF-803E-5A785D0075AF}.Release|x64.Build.0 = Release|Any CPU
		{4E802AD9-D452-45BF-803E-5A785D0075AF}.Release|x86.ActiveCfg = Release|Any CPU
		{4E802AD9-D452-45BF-803E-5A785D0075AF}.Release|x86.Build.0 = Release|Any CPU
		{6903E210-3808-4489-8BB3-D916F97CCA28}.Debug|Any CPU.ActiveCfg = Debug|Any CPU
		{6903E210-3808-4489-8BB3-D916F97CCA28}.Debug|Any CPU.Build.0 = Debug|Any CPU
		{6903E210-3808-4489-8BB3-D916F97CCA28}.Debug|x64.ActiveCfg = Debug|Any CPU
		{6903E210-3808-4489-8BB3-D916F97CCA28}.Debug|x64.Build.0 = Debug|Any CPU
		{6903E210-3808-4489-8BB3-D916F97CCA28}.Debug|x86.ActiveCfg = Debug|Any CPU
		{6903E210-3808-4489-8BB3-D916F97CCA28}.Debug|x86.Build.0 = Debug|Any CPU
		{6903E210-3808-4489-8BB3-D916F97CCA28}.Release|Any CPU.ActiveCfg = Release|Any CPU
		{6903E210-3808-4489-8BB3-D916F97CCA28}.Release|Any CPU.Build.0 = Release|Any CPU
		{6903E210-3808-4489-8BB3-D916F97CCA28}.Release|x64.ActiveCfg = Release|Any CPU
		{6903E210-3808-4489-8BB3-D916F97CCA28}.Release|x64.Build.0 = Release|Any CPU
		{6903E210-3808-4489-8BB3-D916F97CCA28}.Release|x86.ActiveCfg = Release|Any CPU
		{6903E210-3808-4489-8BB3-D916F97CCA28}.Release|x86.Build.0 = Release|Any CPU
		{279BB365-6435-4561-A4E3-9CFD70F8AAB1}.Debug|Any CPU.ActiveCfg = Debug|Any CPU
		{279BB365-6435-4561-A4E3-9CFD70F8AAB1}.Debug|Any CPU.Build.0 = Debug|Any CPU
		{279BB365-6435-4561-A4E3-9CFD70F8AAB1}.Debug|x64.ActiveCfg = Debug|Any CPU
		{279BB365-6435-4561-A4E3-9CFD70F8AAB1}.Debug|x64.Build.0 = Debug|Any CPU
		{279BB365-6435-4561-A4E3-9CFD70F8AAB1}.Debug|x86.ActiveCfg = Debug|Any CPU
		{279BB365-6435-4561-A4E3-9CFD70F8AAB1}.Debug|x86.Build.0 = Debug|Any CPU
		{279BB365-6435-4561-A4E3-9CFD70F8AAB1}.Release|Any CPU.ActiveCfg = Release|Any CPU
		{279BB365-6435-4561-A4E3-9CFD70F8AAB1}.Release|Any CPU.Build.0 = Release|Any CPU
		{279BB365-6435-4561-A4E3-9CFD70F8AAB1}.Release|x64.ActiveCfg = Release|Any CPU
		{279BB365-6435-4561-A4E3-9CFD70F8AAB1}.Release|x64.Build.0 = Release|Any CPU
		{279BB365-6435-4561-A4E3-9CFD70F8AAB1}.Release|x86.ActiveCfg = Release|Any CPU
		{279BB365-6435-4561-A4E3-9CFD70F8AAB1}.Release|x86.Build.0 = Release|Any CPU
		{3E8CD494-BD66-4E0B-A835-8407C87238C0}.Debug|Any CPU.ActiveCfg = Debug|Any CPU
		{3E8CD494-BD66-4E0B-A835-8407C87238C0}.Debug|Any CPU.Build.0 = Debug|Any CPU
		{3E8CD494-BD66-4E0B-A835-8407C87238C0}.Debug|x64.ActiveCfg = Debug|Any CPU
		{3E8CD494-BD66-4E0B-A835-8407C87238C0}.Debug|x64.Build.0 = Debug|Any CPU
		{3E8CD494-BD66-4E0B-A835-8407C87238C0}.Debug|x86.ActiveCfg = Debug|Any CPU
		{3E8CD494-BD66-4E0B-A835-8407C87238C0}.Debug|x86.Build.0 = Debug|Any CPU
		{3E8CD494-BD66-4E0B-A835-8407C87238C0}.Release|Any CPU.ActiveCfg = Release|Any CPU
		{3E8CD494-BD66-4E0B-A835-8407C87238C0}.Release|Any CPU.Build.0 = Release|Any CPU
		{3E8CD494-BD66-4E0B-A835-8407C87238C0}.Release|x64.ActiveCfg = Release|Any CPU
		{3E8CD494-BD66-4E0B-A835-8407C87238C0}.Release|x64.Build.0 = Release|Any CPU
		{3E8CD494-BD66-4E0B-A835-8407C87238C0}.Release|x86.ActiveCfg = Release|Any CPU
		{3E8CD494-BD66-4E0B-A835-8407C87238C0}.Release|x86.Build.0 = Release|Any CPU
		{A1BBEFA8-63C3-4AC0-89BE-F106A72E19DC}.Debug|Any CPU.ActiveCfg = Debug|Any CPU
		{A1BBEFA8-63C3-4AC0-89BE-F106A72E19DC}.Debug|Any CPU.Build.0 = Debug|Any CPU
		{A1BBEFA8-63C3-4AC0-89BE-F106A72E19DC}.Debug|x64.ActiveCfg = Debug|Any CPU
		{A1BBEFA8-63C3-4AC0-89BE-F106A72E19DC}.Debug|x64.Build.0 = Debug|Any CPU
		{A1BBEFA8-63C3-4AC0-89BE-F106A72E19DC}.Debug|x86.ActiveCfg = Debug|Any CPU
		{A1BBEFA8-63C3-4AC0-89BE-F106A72E19DC}.Debug|x86.Build.0 = Debug|Any CPU
		{A1BBEFA8-63C3-4AC0-89BE-F106A72E19DC}.Release|Any CPU.ActiveCfg = Release|Any CPU
		{A1BBEFA8-63C3-4AC0-89BE-F106A72E19DC}.Release|Any CPU.Build.0 = Release|Any CPU
		{A1BBEFA8-63C3-4AC0-89BE-F106A72E19DC}.Release|x64.ActiveCfg = Release|Any CPU
		{A1BBEFA8-63C3-4AC0-89BE-F106A72E19DC}.Release|x64.Build.0 = Release|Any CPU
		{A1BBEFA8-63C3-4AC0-89BE-F106A72E19DC}.Release|x86.ActiveCfg = Release|Any CPU
		{A1BBEFA8-63C3-4AC0-89BE-F106A72E19DC}.Release|x86.Build.0 = Release|Any CPU
		{04BCAD27-C7BD-49A4-A375-4E0AD629561D}.Debug|Any CPU.ActiveCfg = Debug|Any CPU
		{04BCAD27-C7BD-49A4-A375-4E0AD629561D}.Debug|Any CPU.Build.0 = Debug|Any CPU
		{04BCAD27-C7BD-49A4-A375-4E0AD629561D}.Debug|x64.ActiveCfg = Debug|Any CPU
		{04BCAD27-C7BD-49A4-A375-4E0AD629561D}.Debug|x64.Build.0 = Debug|Any CPU
		{04BCAD27-C7BD-49A4-A375-4E0AD629561D}.Debug|x86.ActiveCfg = Debug|Any CPU
		{04BCAD27-C7BD-49A4-A375-4E0AD629561D}.Debug|x86.Build.0 = Debug|Any CPU
		{04BCAD27-C7BD-49A4-A375-4E0AD629561D}.Release|Any CPU.ActiveCfg = Release|Any CPU
		{04BCAD27-C7BD-49A4-A375-4E0AD629561D}.Release|Any CPU.Build.0 = Release|Any CPU
		{04BCAD27-C7BD-49A4-A375-4E0AD629561D}.Release|x64.ActiveCfg = Release|Any CPU
		{04BCAD27-C7BD-49A4-A375-4E0AD629561D}.Release|x64.Build.0 = Release|Any CPU
		{04BCAD27-C7BD-49A4-A375-4E0AD629561D}.Release|x86.ActiveCfg = Release|Any CPU
		{04BCAD27-C7BD-49A4-A375-4E0AD629561D}.Release|x86.Build.0 = Release|Any CPU
		{5C09AEA4-BBAA-42D4-AAB6-824EEA183E34}.Debug|Any CPU.ActiveCfg = Debug|Any CPU
		{5C09AEA4-BBAA-42D4-AAB6-824EEA183E34}.Debug|Any CPU.Build.0 = Debug|Any CPU
		{5C09AEA4-BBAA-42D4-AAB6-824EEA183E34}.Debug|x64.ActiveCfg = Debug|Any CPU
		{5C09AEA4-BBAA-42D4-AAB6-824EEA183E34}.Debug|x64.Build.0 = Debug|Any CPU
		{5C09AEA4-BBAA-42D4-AAB6-824EEA183E34}.Debug|x86.ActiveCfg = Debug|Any CPU
		{5C09AEA4-BBAA-42D4-AAB6-824EEA183E34}.Debug|x86.Build.0 = Debug|Any CPU
		{5C09AEA4-BBAA-42D4-AAB6-824EEA183E34}.Release|Any CPU.ActiveCfg = Release|Any CPU
		{5C09AEA4-BBAA-42D4-AAB6-824EEA183E34}.Release|Any CPU.Build.0 = Release|Any CPU
		{5C09AEA4-BBAA-42D4-AAB6-824EEA183E34}.Release|x64.ActiveCfg = Release|Any CPU
		{5C09AEA4-BBAA-42D4-AAB6-824EEA183E34}.Release|x64.Build.0 = Release|Any CPU
		{5C09AEA4-BBAA-42D4-AAB6-824EEA183E34}.Release|x86.ActiveCfg = Release|Any CPU
		{5C09AEA4-BBAA-42D4-AAB6-824EEA183E34}.Release|x86.Build.0 = Release|Any CPU
		{EFA114FD-9264-4961-8E1D-9A4C546DD90A}.Debug|Any CPU.ActiveCfg = Debug|Any CPU
		{EFA114FD-9264-4961-8E1D-9A4C546DD90A}.Debug|Any CPU.Build.0 = Debug|Any CPU
		{EFA114FD-9264-4961-8E1D-9A4C546DD90A}.Debug|x64.ActiveCfg = Debug|Any CPU
		{EFA114FD-9264-4961-8E1D-9A4C546DD90A}.Debug|x64.Build.0 = Debug|Any CPU
		{EFA114FD-9264-4961-8E1D-9A4C546DD90A}.Debug|x86.ActiveCfg = Debug|Any CPU
		{EFA114FD-9264-4961-8E1D-9A4C546DD90A}.Debug|x86.Build.0 = Debug|Any CPU
		{EFA114FD-9264-4961-8E1D-9A4C546DD90A}.Release|Any CPU.ActiveCfg = Release|Any CPU
		{EFA114FD-9264-4961-8E1D-9A4C546DD90A}.Release|Any CPU.Build.0 = Release|Any CPU
		{EFA114FD-9264-4961-8E1D-9A4C546DD90A}.Release|x64.ActiveCfg = Release|Any CPU
		{EFA114FD-9264-4961-8E1D-9A4C546DD90A}.Release|x64.Build.0 = Release|Any CPU
		{EFA114FD-9264-4961-8E1D-9A4C546DD90A}.Release|x86.ActiveCfg = Release|Any CPU
		{EFA114FD-9264-4961-8E1D-9A4C546DD90A}.Release|x86.Build.0 = Release|Any CPU
		{4DFCD73F-A893-49D0-B29E-C245B683AFD8}.Debug|Any CPU.ActiveCfg = Debug|Any CPU
		{4DFCD73F-A893-49D0-B29E-C245B683AFD8}.Debug|Any CPU.Build.0 = Debug|Any CPU
		{4DFCD73F-A893-49D0-B29E-C245B683AFD8}.Debug|x64.ActiveCfg = Debug|Any CPU
		{4DFCD73F-A893-49D0-B29E-C245B683AFD8}.Debug|x64.Build.0 = Debug|Any CPU
		{4DFCD73F-A893-49D0-B29E-C245B683AFD8}.Debug|x86.ActiveCfg = Debug|Any CPU
		{4DFCD73F-A893-49D0-B29E-C245B683AFD8}.Debug|x86.Build.0 = Debug|Any CPU
		{4DFCD73F-A893-49D0-B29E-C245B683AFD8}.Release|Any CPU.ActiveCfg = Release|Any CPU
		{4DFCD73F-A893-49D0-B29E-C245B683AFD8}.Release|Any CPU.Build.0 = Release|Any CPU
		{4DFCD73F-A893-49D0-B29E-C245B683AFD8}.Release|x64.ActiveCfg = Release|Any CPU
		{4DFCD73F-A893-49D0-B29E-C245B683AFD8}.Release|x64.Build.0 = Release|Any CPU
		{4DFCD73F-A893-49D0-B29E-C245B683AFD8}.Release|x86.ActiveCfg = Release|Any CPU
		{4DFCD73F-A893-49D0-B29E-C245B683AFD8}.Release|x86.Build.0 = Release|Any CPU
		{C65F207C-81BF-41F8-937D-DD30E1FE0BB1}.Debug|Any CPU.ActiveCfg = Debug|Any CPU
		{C65F207C-81BF-41F8-937D-DD30E1FE0BB1}.Debug|Any CPU.Build.0 = Debug|Any CPU
		{C65F207C-81BF-41F8-937D-DD30E1FE0BB1}.Debug|x64.ActiveCfg = Debug|Any CPU
		{C65F207C-81BF-41F8-937D-DD30E1FE0BB1}.Debug|x64.Build.0 = Debug|Any CPU
		{C65F207C-81BF-41F8-937D-DD30E1FE0BB1}.Debug|x86.ActiveCfg = Debug|Any CPU
		{C65F207C-81BF-41F8-937D-DD30E1FE0BB1}.Debug|x86.Build.0 = Debug|Any CPU
		{C65F207C-81BF-41F8-937D-DD30E1FE0BB1}.Release|Any CPU.ActiveCfg = Release|Any CPU
		{C65F207C-81BF-41F8-937D-DD30E1FE0BB1}.Release|Any CPU.Build.0 = Release|Any CPU
		{C65F207C-81BF-41F8-937D-DD30E1FE0BB1}.Release|x64.ActiveCfg = Release|Any CPU
		{C65F207C-81BF-41F8-937D-DD30E1FE0BB1}.Release|x64.Build.0 = Release|Any CPU
		{C65F207C-81BF-41F8-937D-DD30E1FE0BB1}.Release|x86.ActiveCfg = Release|Any CPU
		{C65F207C-81BF-41F8-937D-DD30E1FE0BB1}.Release|x86.Build.0 = Release|Any CPU
	EndGlobalSection
	GlobalSection(SolutionProperties) = preSolution
		HideSolutionNode = FALSE
	EndGlobalSection
	GlobalSection(NestedProjects) = preSolution
		{984BB9B3-3FA3-BE33-9484-CAC21695A33C} = {827E0CD3-B72D-47B6-A68D-7590B98EB39B}
		{C91C1CF1-1625-0789-F869-53D87D6277BA} = {984BB9B3-3FA3-BE33-9484-CAC21695A33C}
		{6306A8FB-679E-111F-6585-8F70E0EE6013} = {827E0CD3-B72D-47B6-A68D-7590B98EB39B}
		{6F2ED2EC-4242-4503-9594-1798CD55A4B5} = {6306A8FB-679E-111F-6585-8F70E0EE6013}
		{C8E42992-5E42-0C2B-DBFE-AA848D06431C} = {827E0CD3-B72D-47B6-A68D-7590B98EB39B}
		{63882A7C-90E5-DEE3-63BB-E6ABDBC8A365} = {827E0CD3-B72D-47B6-A68D-7590B98EB39B}
		{FBE7D688-46EE-4CF7-A5E5-AFC13CB0F6D5} = {63882A7C-90E5-DEE3-63BB-E6ABDBC8A365}
		{5FC1494C-0D8C-79D1-FFF2-37E95F57AB9F} = {827E0CD3-B72D-47B6-A68D-7590B98EB39B}
		{396317A6-ABA3-4922-A650-CAF13C48F82E} = {5FC1494C-0D8C-79D1-FFF2-37E95F57AB9F}
		{39273CDB-1B72-427B-BB27-62DE55C88F1A} = {0AB3BF05-4346-4AA6-1389-037BE0695223}
		{70BE84F2-FCDD-48DB-8F50-21C0997AC651} = {0AB3BF05-4346-4AA6-1389-037BE0695223}
		{4DE29B43-8438-49EB-AC84-D8BDE5CBFD8F} = {C91C1CF1-1625-0789-F869-53D87D6277BA}
		{200FEFB9-4318-45A3-A4BA-B7BC8E3E8682} = {C91C1CF1-1625-0789-F869-53D87D6277BA}
		{5B09ABFE-0042-410D-8BF6-18F399DE2808} = {C91C1CF1-1625-0789-F869-53D87D6277BA}
		{AAE2E03D-6D54-4AB5-8ED8-63638285932A} = {C91C1CF1-1625-0789-F869-53D87D6277BA}
		{3E818370-8462-49CC-857D-E7C272649705} = {984BB9B3-3FA3-BE33-9484-CAC21695A33C}
		{42E08CCD-DF4E-8811-62E9-22766C7B2CEB} = {3E818370-8462-49CC-857D-E7C272649705}
		{7F1477EE-4AA1-418B-900E-A81A2261D277} = {3E818370-8462-49CC-857D-E7C272649705}
		{356ECF57-1D82-42B4-9714-D4EC7F42356A} = {3E818370-8462-49CC-857D-E7C272649705}
		{90744985-05F3-4D07-85CF-FE718ECE1A6C} = {3E818370-8462-49CC-857D-E7C272649705}
		{9ECC46CD-8CE3-96D7-6D30-E8A84FE5B6BB} = {C91C1CF1-1625-0789-F869-53D87D6277BA}
		{5680F1C6-4258-4FA6-8B1A-03057ECAB76A} = {C8E42992-5E42-0C2B-DBFE-AA848D06431C}
		{A279B210-B0C9-4F83-AA5A-7F45CF60A29E} = {C8E42992-5E42-0C2B-DBFE-AA848D06431C}
		{58A0105B-566F-40E6-A6BA-165CFF024385} = {C8E42992-5E42-0C2B-DBFE-AA848D06431C}
		{4BFA01F6-FC9C-499B-8AB9-7A843D171E4A} = {C8E42992-5E42-0C2B-DBFE-AA848D06431C}
		{84D93E80-E391-40E8-9D3D-80B3821EE046} = {C8E42992-5E42-0C2B-DBFE-AA848D06431C}
		{9975EAEF-DAFA-4E14-B6BB-F6E4319F2325} = {6306A8FB-679E-111F-6585-8F70E0EE6013}
		{24575C00-63CE-4523-8DE0-DFD16E8044BC} = {6306A8FB-679E-111F-6585-8F70E0EE6013}
		{A9AD1C0F-2314-47B6-9FC9-73F71EA1364F} = {C8E42992-5E42-0C2B-DBFE-AA848D06431C}
		{CA15E31E-CB60-F235-5CDF-2E527A86A72C} = {984BB9B3-3FA3-BE33-9484-CAC21695A33C}
		{0E526E6F-8CDA-4CC0-AE79-FF28BE320E0A} = {CA15E31E-CB60-F235-5CDF-2E527A86A72C}
		{D6B18715-AD68-403D-99F3-CD4E26B83676} = {CA15E31E-CB60-F235-5CDF-2E527A86A72C}
		{AE97DF2D-0B2F-4F09-8F6F-92C67F0747BF} = {CA15E31E-CB60-F235-5CDF-2E527A86A72C}
		{F0C4D5B2-53D6-43F1-B016-3F791949C8E6} = {CA15E31E-CB60-F235-5CDF-2E527A86A72C}
		{2682DB68-C2BF-4879-A58A-DACD3F2CFB67} = {CA15E31E-CB60-F235-5CDF-2E527A86A72C}
		{1BFC9479-12BF-35C3-06B8-42D89D95092B} = {984BB9B3-3FA3-BE33-9484-CAC21695A33C}
		{FE169EAC-DF2C-4800-8E72-9FF807899131} = {1BFC9479-12BF-35C3-06B8-42D89D95092B}
		{0FAE1BD2-0118-4FA6-9382-7156E7E90CA8} = {1BFC9479-12BF-35C3-06B8-42D89D95092B}
		{BBEC4D91-4552-40E4-BE7F-C3E6ADF5E4F4} = {1BFC9479-12BF-35C3-06B8-42D89D95092B}
		{D4AF6696-AA03-4D24-856B-3FA751440D22} = {1BFC9479-12BF-35C3-06B8-42D89D95092B}
		{93CF40F0-1AB5-4BB3-8A81-AA7A2000AB96} = {1BFC9479-12BF-35C3-06B8-42D89D95092B}
		{B851199A-4979-E597-3D50-97AC5992BBAF} = {984BB9B3-3FA3-BE33-9484-CAC21695A33C}
		{5E8D5013-0039-4B8C-A599-2E533764ADDE} = {B851199A-4979-E597-3D50-97AC5992BBAF}
		{12D9F6E2-D888-4683-A25E-645562E265EF} = {B851199A-4979-E597-3D50-97AC5992BBAF}
		{1205516B-4B91-436F-9EE2-DE7C2B7636A6} = {B851199A-4979-E597-3D50-97AC5992BBAF}
		{4B24354F-2F9B-4712-9DC5-A75833BFE028} = {B851199A-4979-E597-3D50-97AC5992BBAF}
		{EC9D0C7E-701C-40C1-BEDB-BBB2B6A985C9} = {B851199A-4979-E597-3D50-97AC5992BBAF}
		{3FB03296-F262-2760-9861-73C41AF3766C} = {984BB9B3-3FA3-BE33-9484-CAC21695A33C}
		{4E802AD9-D452-45BF-803E-5A785D0075AF} = {3FB03296-F262-2760-9861-73C41AF3766C}
		{6903E210-3808-4489-8BB3-D916F97CCA28} = {3FB03296-F262-2760-9861-73C41AF3766C}
		{279BB365-6435-4561-A4E3-9CFD70F8AAB1} = {3FB03296-F262-2760-9861-73C41AF3766C}
		{3E8CD494-BD66-4E0B-A835-8407C87238C0} = {3FB03296-F262-2760-9861-73C41AF3766C}
		{A1BBEFA8-63C3-4AC0-89BE-F106A72E19DC} = {4F52FD11-658E-A102-6CD3-7D7C16FFA15B}
		{C3215804-3188-DB35-4B55-B5A3C585F2EF} = {984BB9B3-3FA3-BE33-9484-CAC21695A33C}
		{04BCAD27-C7BD-49A4-A375-4E0AD629561D} = {C3215804-3188-DB35-4B55-B5A3C585F2EF}
		{5C09AEA4-BBAA-42D4-AAB6-824EEA183E34} = {C3215804-3188-DB35-4B55-B5A3C585F2EF}
		{EFA114FD-9264-4961-8E1D-9A4C546DD90A} = {C3215804-3188-DB35-4B55-B5A3C585F2EF}
		{4DFCD73F-A893-49D0-B29E-C245B683AFD8} = {C3215804-3188-DB35-4B55-B5A3C585F2EF}
		{C65F207C-81BF-41F8-937D-DD30E1FE0BB1} = {C3215804-3188-DB35-4B55-B5A3C585F2EF}
	EndGlobalSection
	GlobalSection(ExtensibilityGlobals) = postSolution
		SolutionGuid = {3A0B1E04-9E6D-4011-8DD9-ABBB2F0B7F5D}
	EndGlobalSection
EndGlobal
